// !$*UTF8*$!
{
	archiveVersion = 1;
	classes = {
	};
	objectVersion = 46;
	objects = {

/* Begin PBXBuildFile section */
		83FCD13C18F907C400A493F0 /* Foundation.framework in Frameworks */ = {isa = PBXBuildFile; fileRef = 83FCD13B18F907C400A493F0 /* Foundation.framework */; };
		83FCD13E18F907C400A493F0 /* CoreGraphics.framework in Frameworks */ = {isa = PBXBuildFile; fileRef = 83FCD13D18F907C400A493F0 /* CoreGraphics.framework */; };
		83FCD14018F907C400A493F0 /* UIKit.framework in Frameworks */ = {isa = PBXBuildFile; fileRef = 83FCD13F18F907C400A493F0 /* UIKit.framework */; };
		83FCD14618F907C400A493F0 /* InfoPlist.strings in Resources */ = {isa = PBXBuildFile; fileRef = 83FCD14418F907C400A493F0 /* InfoPlist.strings */; };
		83FCD14818F907C400A493F0 /* main.m in Sources */ = {isa = PBXBuildFile; fileRef = 83FCD14718F907C400A493F0 /* main.m */; };
		83FCD14C18F907C400A493F0 /* RYAppDelegate.m in Sources */ = {isa = PBXBuildFile; fileRef = 83FCD14B18F907C400A493F0 /* RYAppDelegate.m */; };
		83FCD14F18F907C400A493F0 /* Main.storyboard in Resources */ = {isa = PBXBuildFile; fileRef = 83FCD14D18F907C400A493F0 /* Main.storyboard */; };
		83FCD15218F907C400A493F0 /* RYFirstViewController.m in Sources */ = {isa = PBXBuildFile; fileRef = 83FCD15118F907C400A493F0 /* RYFirstViewController.m */; };
		83FCD15518F907C400A493F0 /* RYSecondViewController.m in Sources */ = {isa = PBXBuildFile; fileRef = 83FCD15418F907C400A493F0 /* RYSecondViewController.m */; };
		83FCD15718F907C400A493F0 /* Images.xcassets in Resources */ = {isa = PBXBuildFile; fileRef = 83FCD15618F907C400A493F0 /* Images.xcassets */; };
		83FCD15E18F907C400A493F0 /* XCTest.framework in Frameworks */ = {isa = PBXBuildFile; fileRef = 83FCD15D18F907C400A493F0 /* XCTest.framework */; };
		83FCD15F18F907C400A493F0 /* Foundation.framework in Frameworks */ = {isa = PBXBuildFile; fileRef = 83FCD13B18F907C400A493F0 /* Foundation.framework */; };
		83FCD16018F907C400A493F0 /* UIKit.framework in Frameworks */ = {isa = PBXBuildFile; fileRef = 83FCD13F18F907C400A493F0 /* UIKit.framework */; };
		83FCD16818F907C400A493F0 /* InfoPlist.strings in Resources */ = {isa = PBXBuildFile; fileRef = 83FCD16618F907C400A493F0 /* InfoPlist.strings */; };
		83FCD16A18F907C400A493F0 /* RyffTests.m in Sources */ = {isa = PBXBuildFile; fileRef = 83FCD16918F907C400A493F0 /* RyffTests.m */; };
/* End PBXBuildFile section */

/* Begin PBXContainerItemProxy section */
		83FCD16118F907C400A493F0 /* PBXContainerItemProxy */ = {
			isa = PBXContainerItemProxy;
			containerPortal = 83FCD13018F907C400A493F0 /* Project object */;
			proxyType = 1;
			remoteGlobalIDString = 83FCD13718F907C400A493F0;
			remoteInfo = Ryff;
		};
/* End PBXContainerItemProxy section */

/* Begin PBXFileReference section */
		83FCD13818F907C400A493F0 /* Ryff.app */ = {isa = PBXFileReference; explicitFileType = wrapper.application; includeInIndex = 0; path = Ryff.app; sourceTree = BUILT_PRODUCTS_DIR; };
		83FCD13B18F907C400A493F0 /* Foundation.framework */ = {isa = PBXFileReference; lastKnownFileType = wrapper.framework; name = Foundation.framework; path = System/Library/Frameworks/Foundation.framework; sourceTree = SDKROOT; };
		83FCD13D18F907C400A493F0 /* CoreGraphics.framework */ = {isa = PBXFileReference; lastKnownFileType = wrapper.framework; name = CoreGraphics.framework; path = System/Library/Frameworks/CoreGraphics.framework; sourceTree = SDKROOT; };
		83FCD13F18F907C400A493F0 /* UIKit.framework */ = {isa = PBXFileReference; lastKnownFileType = wrapper.framework; name = UIKit.framework; path = System/Library/Frameworks/UIKit.framework; sourceTree = SDKROOT; };
		83FCD14318F907C400A493F0 /* Ryff-Info.plist */ = {isa = PBXFileReference; lastKnownFileType = text.plist.xml; path = "Ryff-Info.plist"; sourceTree = "<group>"; };
		83FCD14518F907C400A493F0 /* en */ = {isa = PBXFileReference; lastKnownFileType = text.plist.strings; name = en; path = en.lproj/InfoPlist.strings; sourceTree = "<group>"; };
		83FCD14718F907C400A493F0 /* main.m */ = {isa = PBXFileReference; lastKnownFileType = sourcecode.c.objc; path = main.m; sourceTree = "<group>"; };
		83FCD14918F907C400A493F0 /* Ryff-Prefix.pch */ = {isa = PBXFileReference; lastKnownFileType = sourcecode.c.h; path = "Ryff-Prefix.pch"; sourceTree = "<group>"; };
		83FCD14A18F907C400A493F0 /* RYAppDelegate.h */ = {isa = PBXFileReference; lastKnownFileType = sourcecode.c.h; path = RYAppDelegate.h; sourceTree = "<group>"; };
		83FCD14B18F907C400A493F0 /* RYAppDelegate.m */ = {isa = PBXFileReference; lastKnownFileType = sourcecode.c.objc; path = RYAppDelegate.m; sourceTree = "<group>"; };
		83FCD14E18F907C400A493F0 /* Base */ = {isa = PBXFileReference; lastKnownFileType = file.storyboard; name = Base; path = Base.lproj/Main.storyboard; sourceTree = "<group>"; };
		83FCD15018F907C400A493F0 /* RYFirstViewController.h */ = {isa = PBXFileReference; lastKnownFileType = sourcecode.c.h; path = RYFirstViewController.h; sourceTree = "<group>"; };
		83FCD15118F907C400A493F0 /* RYFirstViewController.m */ = {isa = PBXFileReference; lastKnownFileType = sourcecode.c.objc; path = RYFirstViewController.m; sourceTree = "<group>"; };
		83FCD15318F907C400A493F0 /* RYSecondViewController.h */ = {isa = PBXFileReference; lastKnownFileType = sourcecode.c.h; path = RYSecondViewController.h; sourceTree = "<group>"; };
		83FCD15418F907C400A493F0 /* RYSecondViewController.m */ = {isa = PBXFileReference; lastKnownFileType = sourcecode.c.objc; path = RYSecondViewController.m; sourceTree = "<group>"; };
		83FCD15618F907C400A493F0 /* Images.xcassets */ = {isa = PBXFileReference; lastKnownFileType = folder.assetcatalog; path = Images.xcassets; sourceTree = "<group>"; };
		83FCD15C18F907C400A493F0 /* RyffTests.xctest */ = {isa = PBXFileReference; explicitFileType = wrapper.cfbundle; includeInIndex = 0; path = RyffTests.xctest; sourceTree = BUILT_PRODUCTS_DIR; };
		83FCD15D18F907C400A493F0 /* XCTest.framework */ = {isa = PBXFileReference; lastKnownFileType = wrapper.framework; name = XCTest.framework; path = Library/Frameworks/XCTest.framework; sourceTree = DEVELOPER_DIR; };
		83FCD16518F907C400A493F0 /* RyffTests-Info.plist */ = {isa = PBXFileReference; lastKnownFileType = text.plist.xml; path = "RyffTests-Info.plist"; sourceTree = "<group>"; };
		83FCD16718F907C400A493F0 /* en */ = {isa = PBXFileReference; lastKnownFileType = text.plist.strings; name = en; path = en.lproj/InfoPlist.strings; sourceTree = "<group>"; };
		83FCD16918F907C400A493F0 /* RyffTests.m */ = {isa = PBXFileReference; lastKnownFileType = sourcecode.c.objc; path = RyffTests.m; sourceTree = "<group>"; };
/* End PBXFileReference section */

/* Begin PBXFrameworksBuildPhase section */
		83FCD13518F907C400A493F0 /* Frameworks */ = {
			isa = PBXFrameworksBuildPhase;
			buildActionMask = 2147483647;
			files = (
				83FCD13E18F907C400A493F0 /* CoreGraphics.framework in Frameworks */,
				83FCD14018F907C400A493F0 /* UIKit.framework in Frameworks */,
				83FCD13C18F907C400A493F0 /* Foundation.framework in Frameworks */,
			);
			runOnlyForDeploymentPostprocessing = 0;
		};
		83FCD15918F907C400A493F0 /* Frameworks */ = {
			isa = PBXFrameworksBuildPhase;
			buildActionMask = 2147483647;
			files = (
				83FCD15E18F907C400A493F0 /* XCTest.framework in Frameworks */,
				83FCD16018F907C400A493F0 /* UIKit.framework in Frameworks */,
				83FCD15F18F907C400A493F0 /* Foundation.framework in Frameworks */,
			);
			runOnlyForDeploymentPostprocessing = 0;
		};
/* End PBXFrameworksBuildPhase section */

/* Begin PBXGroup section */
		83FCD12F18F907C400A493F0 = {
			isa = PBXGroup;
			children = (
				83FCD14118F907C400A493F0 /* Ryff */,
				83FCD16318F907C400A493F0 /* RyffTests */,
				83FCD13A18F907C400A493F0 /* Frameworks */,
				83FCD13918F907C400A493F0 /* Products */,
			);
			sourceTree = "<group>";
		};
		83FCD13918F907C400A493F0 /* Products */ = {
			isa = PBXGroup;
			children = (
				83FCD13818F907C400A493F0 /* Ryff.app */,
				83FCD15C18F907C400A493F0 /* RyffTests.xctest */,
			);
			name = Products;
			sourceTree = "<group>";
		};
		83FCD13A18F907C400A493F0 /* Frameworks */ = {
			isa = PBXGroup;
			children = (
				83FCD13B18F907C400A493F0 /* Foundation.framework */,
				83FCD13D18F907C400A493F0 /* CoreGraphics.framework */,
				83FCD13F18F907C400A493F0 /* UIKit.framework */,
				83FCD15D18F907C400A493F0 /* XCTest.framework */,
			);
			name = Frameworks;
			sourceTree = "<group>";
		};
		83FCD14118F907C400A493F0 /* Ryff */ = {
			isa = PBXGroup;
			children = (
				83FCD14A18F907C400A493F0 /* RYAppDelegate.h */,
				83FCD14B18F907C400A493F0 /* RYAppDelegate.m */,
				83FCD14D18F907C400A493F0 /* Main.storyboard */,
				83FCD15018F907C400A493F0 /* RYFirstViewController.h */,
				83FCD15118F907C400A493F0 /* RYFirstViewController.m */,
				83FCD15318F907C400A493F0 /* RYSecondViewController.h */,
				83FCD15418F907C400A493F0 /* RYSecondViewController.m */,
				83FCD15618F907C400A493F0 /* Images.xcassets */,
				83FCD14218F907C400A493F0 /* Supporting Files */,
			);
			path = Ryff;
			sourceTree = "<group>";
		};
		83FCD14218F907C400A493F0 /* Supporting Files */ = {
			isa = PBXGroup;
			children = (
				83FCD14318F907C400A493F0 /* Ryff-Info.plist */,
				83FCD14418F907C400A493F0 /* InfoPlist.strings */,
				83FCD14718F907C400A493F0 /* main.m */,
				83FCD14918F907C400A493F0 /* Ryff-Prefix.pch */,
			);
			name = "Supporting Files";
			sourceTree = "<group>";
		};
		83FCD16318F907C400A493F0 /* RyffTests */ = {
			isa = PBXGroup;
			children = (
				83FCD16918F907C400A493F0 /* RyffTests.m */,
				83FCD16418F907C400A493F0 /* Supporting Files */,
			);
			path = RyffTests;
			sourceTree = "<group>";
		};
		83FCD16418F907C400A493F0 /* Supporting Files */ = {
			isa = PBXGroup;
			children = (
				83FCD16518F907C400A493F0 /* RyffTests-Info.plist */,
				83FCD16618F907C400A493F0 /* InfoPlist.strings */,
			);
			name = "Supporting Files";
			sourceTree = "<group>";
		};
/* End PBXGroup section */

/* Begin PBXNativeTarget section */
		83FCD13718F907C400A493F0 /* Ryff */ = {
			isa = PBXNativeTarget;
			buildConfigurationList = 83FCD16D18F907C400A493F0 /* Build configuration list for PBXNativeTarget "Ryff" */;
			buildPhases = (
				83FCD13418F907C400A493F0 /* Sources */,
				83FCD13518F907C400A493F0 /* Frameworks */,
				83FCD13618F907C400A493F0 /* Resources */,
			);
			buildRules = (
			);
			dependencies = (
			);
			name = Ryff;
			productName = Ryff;
			productReference = 83FCD13818F907C400A493F0 /* Ryff.app */;
			productType = "com.apple.product-type.application";
		};
		83FCD15B18F907C400A493F0 /* RyffTests */ = {
			isa = PBXNativeTarget;
			buildConfigurationList = 83FCD17018F907C400A493F0 /* Build configuration list for PBXNativeTarget "RyffTests" */;
			buildPhases = (
				83FCD15818F907C400A493F0 /* Sources */,
				83FCD15918F907C400A493F0 /* Frameworks */,
				83FCD15A18F907C400A493F0 /* Resources */,
			);
			buildRules = (
			);
			dependencies = (
				83FCD16218F907C400A493F0 /* PBXTargetDependency */,
			);
			name = RyffTests;
			productName = RyffTests;
			productReference = 83FCD15C18F907C400A493F0 /* RyffTests.xctest */;
			productType = "com.apple.product-type.bundle.unit-test";
		};
/* End PBXNativeTarget section */

/* Begin PBXProject section */
		83FCD13018F907C400A493F0 /* Project object */ = {
			isa = PBXProject;
			attributes = {
				CLASSPREFIX = RY;
				LastUpgradeCheck = 0510;
				ORGANIZATIONNAME = "Chris Laganiere";
				TargetAttributes = {
					83FCD15B18F907C400A493F0 = {
						TestTargetID = 83FCD13718F907C400A493F0;
					};
				};
			};
			buildConfigurationList = 83FCD13318F907C400A493F0 /* Build configuration list for PBXProject "Ryff" */;
			compatibilityVersion = "Xcode 3.2";
			developmentRegion = English;
			hasScannedForEncodings = 0;
			knownRegions = (
				en,
				Base,
			);
			mainGroup = 83FCD12F18F907C400A493F0;
			productRefGroup = 83FCD13918F907C400A493F0 /* Products */;
			projectDirPath = "";
			projectRoot = "";
			targets = (
				83FCD13718F907C400A493F0 /* Ryff */,
				83FCD15B18F907C400A493F0 /* RyffTests */,
			);
		};
/* End PBXProject section */

/* Begin PBXResourcesBuildPhase section */
		83FCD13618F907C400A493F0 /* Resources */ = {
			isa = PBXResourcesBuildPhase;
			buildActionMask = 2147483647;
			files = (
				83FCD15718F907C400A493F0 /* Images.xcassets in Resources */,
				83FCD14618F907C400A493F0 /* InfoPlist.strings in Resources */,
				83FCD14F18F907C400A493F0 /* Main.storyboard in Resources */,
			);
			runOnlyForDeploymentPostprocessing = 0;
		};
		83FCD15A18F907C400A493F0 /* Resources */ = {
			isa = PBXResourcesBuildPhase;
			buildActionMask = 2147483647;
			files = (
				83FCD16818F907C400A493F0 /* InfoPlist.strings in Resources */,
			);
			runOnlyForDeploymentPostprocessing = 0;
		};
/* End PBXResourcesBuildPhase section */

/* Begin PBXSourcesBuildPhase section */
		83FCD13418F907C400A493F0 /* Sources */ = {
			isa = PBXSourcesBuildPhase;
			buildActionMask = 2147483647;
			files = (
				83FCD14818F907C400A493F0 /* main.m in Sources */,
				83FCD15518F907C400A493F0 /* RYSecondViewController.m in Sources */,
				83FCD15218F907C400A493F0 /* RYFirstViewController.m in Sources */,
				83FCD14C18F907C400A493F0 /* RYAppDelegate.m in Sources */,
			);
			runOnlyForDeploymentPostprocessing = 0;
		};
		83FCD15818F907C400A493F0 /* Sources */ = {
			isa = PBXSourcesBuildPhase;
			buildActionMask = 2147483647;
			files = (
				83FCD16A18F907C400A493F0 /* RyffTests.m in Sources */,
			);
			runOnlyForDeploymentPostprocessing = 0;
		};
/* End PBXSourcesBuildPhase section */

/* Begin PBXTargetDependency section */
		83FCD16218F907C400A493F0 /* PBXTargetDependency */ = {
			isa = PBXTargetDependency;
			target = 83FCD13718F907C400A493F0 /* Ryff */;
			targetProxy = 83FCD16118F907C400A493F0 /* PBXContainerItemProxy */;
		};
/* End PBXTargetDependency section */

/* Begin PBXVariantGroup section */
		83FCD14418F907C400A493F0 /* InfoPlist.strings */ = {
			isa = PBXVariantGroup;
			children = (
				83FCD14518F907C400A493F0 /* en */,
			);
			name = InfoPlist.strings;
			sourceTree = "<group>";
		};
		83FCD14D18F907C400A493F0 /* Main.storyboard */ = {
			isa = PBXVariantGroup;
			children = (
				83FCD14E18F907C400A493F0 /* Base */,
			);
			name = Main.storyboard;
			sourceTree = "<group>";
		};
		83FCD16618F907C400A493F0 /* InfoPlist.strings */ = {
			isa = PBXVariantGroup;
			children = (
				83FCD16718F907C400A493F0 /* en */,
			);
			name = InfoPlist.strings;
			sourceTree = "<group>";
		};
/* End PBXVariantGroup section */

/* Begin XCBuildConfiguration section */
		83FCD16B18F907C400A493F0 /* Debug */ = {
			isa = XCBuildConfiguration;
			buildSettings = {
				ALWAYS_SEARCH_USER_PATHS = NO;
				CLANG_CXX_LANGUAGE_STANDARD = "gnu++0x";
				CLANG_CXX_LIBRARY = "libc++";
				CLANG_ENABLE_MODULES = YES;
				CLANG_ENABLE_OBJC_ARC = YES;
				CLANG_WARN_BOOL_CONVERSION = YES;
				CLANG_WARN_CONSTANT_CONVERSION = YES;
				CLANG_WARN_DIRECT_OBJC_ISA_USAGE = YES_ERROR;
				CLANG_WARN_EMPTY_BODY = YES;
				CLANG_WARN_ENUM_CONVERSION = YES;
				CLANG_WARN_INT_CONVERSION = YES;
				CLANG_WARN_OBJC_ROOT_CLASS = YES_ERROR;
				CLANG_WARN__DUPLICATE_METHOD_MATCH = YES;
				"CODE_SIGN_IDENTITY[sdk=iphoneos*]" = "iPhone Developer";
				COPY_PHASE_STRIP = NO;
				GCC_C_LANGUAGE_STANDARD = gnu99;
				GCC_DYNAMIC_NO_PIC = NO;
				GCC_OPTIMIZATION_LEVEL = 0;
				GCC_PREPROCESSOR_DEFINITIONS = (
					"DEBUG=1",
					"$(inherited)",
				);
				GCC_SYMBOLS_PRIVATE_EXTERN = NO;
				GCC_WARN_64_TO_32_BIT_CONVERSION = YES;
				GCC_WARN_ABOUT_RETURN_TYPE = YES_ERROR;
				GCC_WARN_UNDECLARED_SELECTOR = YES;
				GCC_WARN_UNINITIALIZED_AUTOS = YES_AGGRESSIVE;
				GCC_WARN_UNUSED_FUNCTION = YES;
				GCC_WARN_UNUSED_VARIABLE = YES;
				IPHONEOS_DEPLOYMENT_TARGET = 7.1;
				ONLY_ACTIVE_ARCH = YES;
				SDKROOT = iphoneos;
			};
			name = Debug;
		};
		83FCD16C18F907C400A493F0 /* Release */ = {
			isa = XCBuildConfiguration;
			buildSettings = {
				ALWAYS_SEARCH_USER_PATHS = NO;
				CLANG_CXX_LANGUAGE_STANDARD = "gnu++0x";
				CLANG_CXX_LIBRARY = "libc++";
				CLANG_ENABLE_MODULES = YES;
				CLANG_ENABLE_OBJC_ARC = YES;
				CLANG_WARN_BOOL_CONVERSION = YES;
				CLANG_WARN_CONSTANT_CONVERSION = YES;
				CLANG_WARN_DIRECT_OBJC_ISA_USAGE = YES_ERROR;
				CLANG_WARN_EMPTY_BODY = YES;
				CLANG_WARN_ENUM_CONVERSION = YES;
				CLANG_WARN_INT_CONVERSION = YES;
				CLANG_WARN_OBJC_ROOT_CLASS = YES_ERROR;
				CLANG_WARN__DUPLICATE_METHOD_MATCH = YES;
				"CODE_SIGN_IDENTITY[sdk=iphoneos*]" = "iPhone Developer";
				COPY_PHASE_STRIP = YES;
				ENABLE_NS_ASSERTIONS = NO;
				GCC_C_LANGUAGE_STANDARD = gnu99;
				GCC_WARN_64_TO_32_BIT_CONVERSION = YES;
				GCC_WARN_ABOUT_RETURN_TYPE = YES_ERROR;
				GCC_WARN_UNDECLARED_SELECTOR = YES;
				GCC_WARN_UNINITIALIZED_AUTOS = YES_AGGRESSIVE;
				GCC_WARN_UNUSED_FUNCTION = YES;
				GCC_WARN_UNUSED_VARIABLE = YES;
				IPHONEOS_DEPLOYMENT_TARGET = 7.1;
				SDKROOT = iphoneos;
				VALIDATE_PRODUCT = YES;
			};
			name = Release;
		};
		83FCD16E18F907C400A493F0 /* Debug */ = {
			isa = XCBuildConfiguration;
			buildSettings = {
				ASSETCATALOG_COMPILER_APPICON_NAME = AppIcon;
				ASSETCATALOG_COMPILER_LAUNCHIMAGE_NAME = LaunchImage;
				GCC_PRECOMPILE_PREFIX_HEADER = YES;
				GCC_PREFIX_HEADER = "Ryff/Ryff-Prefix.pch";
				INFOPLIST_FILE = "Ryff/Ryff-Info.plist";
				PRODUCT_NAME = "$(TARGET_NAME)";
				WRAPPER_EXTENSION = app;
			};
			name = Debug;
		};
		83FCD16F18F907C400A493F0 /* Release */ = {
			isa = XCBuildConfiguration;
			buildSettings = {
				ASSETCATALOG_COMPILER_APPICON_NAME = AppIcon;
				ASSETCATALOG_COMPILER_LAUNCHIMAGE_NAME = LaunchImage;
				GCC_PRECOMPILE_PREFIX_HEADER = YES;
				GCC_PREFIX_HEADER = "Ryff/Ryff-Prefix.pch";
				INFOPLIST_FILE = "Ryff/Ryff-Info.plist";
				PRODUCT_NAME = "$(TARGET_NAME)";
				WRAPPER_EXTENSION = app;
			};
			name = Release;
		};
		83FCD17118F907C400A493F0 /* Debug */ = {
			isa = XCBuildConfiguration;
			buildSettings = {
				BUNDLE_LOADER = "$(BUILT_PRODUCTS_DIR)/Ryff.app/Ryff";
				FRAMEWORK_SEARCH_PATHS = (
					"$(SDKROOT)/Developer/Library/Frameworks",
					"$(inherited)",
					"$(DEVELOPER_FRAMEWORKS_DIR)",
				);
				GCC_PRECOMPILE_PREFIX_HEADER = YES;
				GCC_PREFIX_HEADER = "Ryff/Ryff-Prefix.pch";
				GCC_PREPROCESSOR_DEFINITIONS = (
					"DEBUG=1",
					"$(inherited)",
				);
				INFOPLIST_FILE = "RyffTests/RyffTests-Info.plist";
				PRODUCT_NAME = "$(TARGET_NAME)";
				TEST_HOST = "$(BUNDLE_LOADER)";
				WRAPPER_EXTENSION = xctest;
			};
			name = Debug;
		};
		83FCD17218F907C400A493F0 /* Release */ = {
			isa = XCBuildConfiguration;
			buildSettings = {
				BUNDLE_LOADER = "$(BUILT_PRODUCTS_DIR)/Ryff.app/Ryff";
				FRAMEWORK_SEARCH_PATHS = (
					"$(SDKROOT)/Developer/Library/Frameworks",
					"$(inherited)",
					"$(DEVELOPER_FRAMEWORKS_DIR)",
				);
				GCC_PRECOMPILE_PREFIX_HEADER = YES;
				GCC_PREFIX_HEADER = "Ryff/Ryff-Prefix.pch";
				INFOPLIST_FILE = "RyffTests/RyffTests-Info.plist";
				PRODUCT_NAME = "$(TARGET_NAME)";
				TEST_HOST = "$(BUNDLE_LOADER)";
				WRAPPER_EXTENSION = xctest;
			};
			name = Release;
		};
/* End XCBuildConfiguration section */

/* Begin XCConfigurationList section */
		83FCD13318F907C400A493F0 /* Build configuration list for PBXProject "Ryff" */ = {
			isa = XCConfigurationList;
			buildConfigurations = (
				83FCD16B18F907C400A493F0 /* Debug */,
				83FCD16C18F907C400A493F0 /* Release */,
			);
			defaultConfigurationIsVisible = 0;
			defaultConfigurationName = Release;
		};
		83FCD16D18F907C400A493F0 /* Build configuration list for PBXNativeTarget "Ryff" */ = {
			isa = XCConfigurationList;
			buildConfigurations = (
				83FCD16E18F907C400A493F0 /* Debug */,
				83FCD16F18F907C400A493F0 /* Release */,
			);
			defaultConfigurationIsVisible = 0;
		};
		83FCD17018F907C400A493F0 /* Build configuration list for PBXNativeTarget "RyffTests" */ = {
			isa = XCConfigurationList;
			buildConfigurations = (
				83FCD17118F907C400A493F0 /* Debug */,
				83FCD17218F907C400A493F0 /* Release */,
			);
			defaultConfigurationIsVisible = 0;
		};
/* End XCConfigurationList section */
	};
	rootObject = 83FCD13018F907C400A493F0 /* Project object */;
}
