// !$*UTF8*$!
{
	archiveVersion = 1;
	classes = {
	};
	objectVersion = 46;
	objects = {

/* Begin PBXBuildFile section */
		830185F419009C3A00093EFA /* RYLoginViewController.m in Sources */ = {isa = PBXBuildFile; fileRef = 830185F319009C3A00093EFA /* RYLoginViewController.m */; };
		830185F71900A24700093EFA /* RYRootRegistrationViewController.m in Sources */ = {isa = PBXBuildFile; fileRef = 830185F61900A24700093EFA /* RYRootRegistrationViewController.m */; };
		830185FA1900ADB000093EFA /* ryff.png in Resources */ = {isa = PBXBuildFile; fileRef = 830185F81900ADB000093EFA /* ryff.png */; };
		830185FB1900ADB000093EFA /* ryff@2x.png in Resources */ = {isa = PBXBuildFile; fileRef = 830185F91900ADB000093EFA /* ryff@2x.png */; };
		830185FE1900AEB300093EFA /* UIColor+Hex.m in Sources */ = {isa = PBXBuildFile; fileRef = 830185FD1900AEB300093EFA /* UIColor+Hex.m */; };
		830186011900B1CD00093EFA /* tabBar.png in Resources */ = {isa = PBXBuildFile; fileRef = 830185FF1900B1CD00093EFA /* tabBar.png */; };
		830186021900B1CD00093EFA /* tabBar@2x.png in Resources */ = {isa = PBXBuildFile; fileRef = 830186001900B1CD00093EFA /* tabBar@2x.png */; };
		830BBCB318F9F54900A9C53F /* SSKeychain.strings in Resources */ = {isa = PBXBuildFile; fileRef = 830BBCAD18F9F54900A9C53F /* SSKeychain.strings */; };
		830BBCB418F9F54900A9C53F /* SSKeychain.m in Sources */ = {isa = PBXBuildFile; fileRef = 830BBCB018F9F54900A9C53F /* SSKeychain.m */; };
		830BBCB518F9F54900A9C53F /* SSKeychainQuery.m in Sources */ = {isa = PBXBuildFile; fileRef = 830BBCB218F9F54900A9C53F /* SSKeychainQuery.m */; };
		830BBCBA18FA055900A9C53F /* MBProgressHUD.m in Sources */ = {isa = PBXBuildFile; fileRef = 830BBCB918FA055900A9C53F /* MBProgressHUD.m */; };
		830BBCBF18FA06AD00A9C53F /* UIViewController+Extras.m in Sources */ = {isa = PBXBuildFile; fileRef = 830BBCBE18FA06AD00A9C53F /* UIViewController+Extras.m */; };
		830BBCC318FA081600A9C53F /* checkmark.png in Resources */ = {isa = PBXBuildFile; fileRef = 830BBCC118FA081600A9C53F /* checkmark.png */; };
		830BBCC418FA081600A9C53F /* checkmark@2x.png in Resources */ = {isa = PBXBuildFile; fileRef = 830BBCC218FA081600A9C53F /* checkmark@2x.png */; };
		830BBCC818FA0A5800A9C53F /* RYLocationServices.m in Sources */ = {isa = PBXBuildFile; fileRef = 830BBCC718FA0A5800A9C53F /* RYLocationServices.m */; };
		830BBCCA18FA0C2300A9C53F /* CoreLocation.framework in Frameworks */ = {isa = PBXBuildFile; fileRef = 830BBCC918FA0C2300A9C53F /* CoreLocation.framework */; };
		830BBCCD18FA0FC500A9C53F /* RYRegisterViewController.m in Sources */ = {isa = PBXBuildFile; fileRef = 830BBCCC18FA0FC500A9C53F /* RYRegisterViewController.m */; };
		830BBCD218FA142000A9C53F /* BlockAlertView.m in Sources */ = {isa = PBXBuildFile; fileRef = 830BBCD118FA142000A9C53F /* BlockAlertView.m */; };
		830BBCD518FA14F500A9C53F /* UIImage+Thumbnail.m in Sources */ = {isa = PBXBuildFile; fileRef = 830BBCD418FA14F500A9C53F /* UIImage+Thumbnail.m */; };
		830BBCD918FA196300A9C53F /* userBig.png in Resources */ = {isa = PBXBuildFile; fileRef = 830BBCD718FA196300A9C53F /* userBig.png */; };
		830BBCDA18FA196300A9C53F /* userBig@2x.png in Resources */ = {isa = PBXBuildFile; fileRef = 830BBCD818FA196300A9C53F /* userBig@2x.png */; };
		830BBCDF18FA401700A9C53F /* friend.png in Resources */ = {isa = PBXBuildFile; fileRef = 830BBCDB18FA401700A9C53F /* friend.png */; };
		830BBCE018FA401700A9C53F /* friend@2x.png in Resources */ = {isa = PBXBuildFile; fileRef = 830BBCDC18FA401700A9C53F /* friend@2x.png */; };
		830BBCE118FA401700A9C53F /* next.png in Resources */ = {isa = PBXBuildFile; fileRef = 830BBCDD18FA401700A9C53F /* next.png */; };
		830BBCE218FA401700A9C53F /* next@2x.png in Resources */ = {isa = PBXBuildFile; fileRef = 830BBCDE18FA401700A9C53F /* next@2x.png */; };
		830BBCE518FA57F200A9C53F /* RYCoreViewController.m in Sources */ = {isa = PBXBuildFile; fileRef = 830BBCE418FA57F200A9C53F /* RYCoreViewController.m */; };
		830BBCE818FA589F00A9C53F /* RYCorePageViewController.m in Sources */ = {isa = PBXBuildFile; fileRef = 830BBCE718FA589F00A9C53F /* RYCorePageViewController.m */; };
		830BBCEF18FA786800A9C53F /* Cylindric_1.png in Resources */ = {isa = PBXBuildFile; fileRef = 830BBCEA18FA786800A9C53F /* Cylindric_1.png */; };
		830BBCF018FA786800A9C53F /* Cylindric_1@2x.png in Resources */ = {isa = PBXBuildFile; fileRef = 830BBCEB18FA786800A9C53F /* Cylindric_1@2x.png */; };
		830BBCF118FA786800A9C53F /* Cylindric_2.png in Resources */ = {isa = PBXBuildFile; fileRef = 830BBCEC18FA786800A9C53F /* Cylindric_2.png */; };
		830BBCF218FA786800A9C53F /* Cylindric_2@2x.png in Resources */ = {isa = PBXBuildFile; fileRef = 830BBCED18FA786800A9C53F /* Cylindric_2@2x.png */; };
		830BBCF318FA786800A9C53F /* Cylindric_3@2x.png in Resources */ = {isa = PBXBuildFile; fileRef = 830BBCEE18FA786800A9C53F /* Cylindric_3@2x.png */; };
		830BBD0018FA97EA00A9C53F /* dot.png in Resources */ = {isa = PBXBuildFile; fileRef = 830BBCFC18FA97EA00A9C53F /* dot.png */; };
		830BBD0118FA97EA00A9C53F /* dot@2x.png in Resources */ = {isa = PBXBuildFile; fileRef = 830BBCFD18FA97EA00A9C53F /* dot@2x.png */; };
		830BBD0218FA97EA00A9C53F /* mic.png in Resources */ = {isa = PBXBuildFile; fileRef = 830BBCFE18FA97EA00A9C53F /* mic.png */; };
		830BBD0318FA97EA00A9C53F /* mic@2x.png in Resources */ = {isa = PBXBuildFile; fileRef = 830BBCFF18FA97EA00A9C53F /* mic@2x.png */; };
		830BBD0918FAA95700A9C53F /* plus.png in Resources */ = {isa = PBXBuildFile; fileRef = 830BBD0518FAA95700A9C53F /* plus.png */; };
		830BBD0A18FAA95700A9C53F /* plus@2x.png in Resources */ = {isa = PBXBuildFile; fileRef = 830BBD0618FAA95700A9C53F /* plus@2x.png */; };
		830BBD0B18FAA95700A9C53F /* share.png in Resources */ = {isa = PBXBuildFile; fileRef = 830BBD0718FAA95700A9C53F /* share.png */; };
		830BBD0C18FAA95700A9C53F /* share@2x.png in Resources */ = {isa = PBXBuildFile; fileRef = 830BBD0818FAA95700A9C53F /* share@2x.png */; };
		83BC52C7193159260085FADF /* cellBody.png in Resources */ = {isa = PBXBuildFile; fileRef = 83BC52C5193159260085FADF /* cellBody.png */; };
		83BC52C8193159260085FADF /* cellBody@2x.png in Resources */ = {isa = PBXBuildFile; fileRef = 83BC52C6193159260085FADF /* cellBody@2x.png */; };
		83C6CA7918FAECE500412469 /* RYRiffEditViewController.m in Sources */ = {isa = PBXBuildFile; fileRef = 83C6CA7818FAECE500412469 /* RYRiffEditViewController.m */; };
		83C6CA7C18FAF95C00412469 /* UIImage+Color.m in Sources */ = {isa = PBXBuildFile; fileRef = 83C6CA7B18FAF95C00412469 /* UIImage+Color.m */; };
		83C6CA8318FAFF5200412469 /* back.png in Resources */ = {isa = PBXBuildFile; fileRef = 83C6CA7D18FAFF5200412469 /* back.png */; };
		83C6CA8418FAFF5200412469 /* back@2x.png in Resources */ = {isa = PBXBuildFile; fileRef = 83C6CA7E18FAFF5200412469 /* back@2x.png */; };
		83C6CA8518FAFF5200412469 /* cloud.png in Resources */ = {isa = PBXBuildFile; fileRef = 83C6CA7F18FAFF5200412469 /* cloud.png */; };
		83C6CA8618FAFF5200412469 /* cloud@2x.png in Resources */ = {isa = PBXBuildFile; fileRef = 83C6CA8018FAFF5200412469 /* cloud@2x.png */; };
		83C6CA8718FAFF5200412469 /* reset.png in Resources */ = {isa = PBXBuildFile; fileRef = 83C6CA8118FAFF5200412469 /* reset.png */; };
		83C6CA8818FAFF5200412469 /* reset@2x.png in Resources */ = {isa = PBXBuildFile; fileRef = 83C6CA8218FAFF5200412469 /* reset@2x.png */; };
		83DBCA7418F9856800262496 /* RMDownloadIndicator.m in Sources */ = {isa = PBXBuildFile; fileRef = 83DBCA7318F9856800262496 /* RMDownloadIndicator.m */; };
		83DBCA7718F9859000262496 /* RMDisplayLabel.m in Sources */ = {isa = PBXBuildFile; fileRef = 83DBCA7618F9859000262496 /* RMDisplayLabel.m */; };
		83DBCA7B18F99E3F00262496 /* RYRiffStreamingCoreViewController.m in Sources */ = {isa = PBXBuildFile; fileRef = 83DBCA7A18F99E3F00262496 /* RYRiffStreamingCoreViewController.m */; };
		83ED34C91931639800FEB018 /* RYRiffCellBodyTableViewCell.m in Sources */ = {isa = PBXBuildFile; fileRef = 83ED34C81931639800FEB018 /* RYRiffCellBodyTableViewCell.m */; };
		83ED34CB193163C900FEB018 /* RYRiffCellBodyTableViewCell.xib in Resources */ = {isa = PBXBuildFile; fileRef = 83ED34CA193163C900FEB018 /* RYRiffCellBodyTableViewCell.xib */; };
		83ED34CE19316E5D00FEB018 /* Lato-Lig.ttf in Resources */ = {isa = PBXBuildFile; fileRef = 83ED34CC19316E5D00FEB018 /* Lato-Lig.ttf */; };
		83ED34CF19316E5D00FEB018 /* Lato-RegIta.ttf in Resources */ = {isa = PBXBuildFile; fileRef = 83ED34CD19316E5D00FEB018 /* Lato-RegIta.ttf */; };
		83ED34D21931794C00FEB018 /* RYCoreNavigationController.m in Sources */ = {isa = PBXBuildFile; fileRef = 83ED34D11931794C00FEB018 /* RYCoreNavigationController.m */; };
		83ED34D519317D0F00FEB018 /* RYRiffTrackTableViewCell.xib in Resources */ = {isa = PBXBuildFile; fileRef = 83ED34D419317D0F00FEB018 /* RYRiffTrackTableViewCell.xib */; };
		83ED34E81931851600FEB018 /* AppIcon29x29.png in Resources */ = {isa = PBXBuildFile; fileRef = 83ED34D81931851600FEB018 /* AppIcon29x29.png */; };
		83ED34E91931851600FEB018 /* AppIcon29x29@2x.png in Resources */ = {isa = PBXBuildFile; fileRef = 83ED34D91931851600FEB018 /* AppIcon29x29@2x.png */; };
		83ED34EA1931851600FEB018 /* AppIcon40x40.png in Resources */ = {isa = PBXBuildFile; fileRef = 83ED34DA1931851600FEB018 /* AppIcon40x40.png */; };
		83ED34EB1931851600FEB018 /* AppIcon40x40@2x.png in Resources */ = {isa = PBXBuildFile; fileRef = 83ED34DB1931851600FEB018 /* AppIcon40x40@2x.png */; };
		83ED34EC1931851600FEB018 /* AppIcon50x50.png in Resources */ = {isa = PBXBuildFile; fileRef = 83ED34DC1931851600FEB018 /* AppIcon50x50.png */; };
		83ED34ED1931851600FEB018 /* AppIcon50x50@2x.png in Resources */ = {isa = PBXBuildFile; fileRef = 83ED34DD1931851600FEB018 /* AppIcon50x50@2x.png */; };
		83ED34EE1931851600FEB018 /* AppIcon57x57.png in Resources */ = {isa = PBXBuildFile; fileRef = 83ED34DE1931851600FEB018 /* AppIcon57x57.png */; };
		83ED34EF1931851600FEB018 /* AppIcon57x57@2x.png in Resources */ = {isa = PBXBuildFile; fileRef = 83ED34DF1931851600FEB018 /* AppIcon57x57@2x.png */; };
		83ED34F01931851600FEB018 /* AppIcon60x60.png in Resources */ = {isa = PBXBuildFile; fileRef = 83ED34E01931851600FEB018 /* AppIcon60x60.png */; };
		83ED34F11931851600FEB018 /* AppIcon60x60@2x.png in Resources */ = {isa = PBXBuildFile; fileRef = 83ED34E11931851600FEB018 /* AppIcon60x60@2x.png */; };
		83ED34F21931851600FEB018 /* AppIcon72x72.png in Resources */ = {isa = PBXBuildFile; fileRef = 83ED34E21931851600FEB018 /* AppIcon72x72.png */; };
		83ED34F31931851600FEB018 /* AppIcon72x72@2x.png in Resources */ = {isa = PBXBuildFile; fileRef = 83ED34E31931851600FEB018 /* AppIcon72x72@2x.png */; };
		83ED34F41931851600FEB018 /* AppIcon76x76.png in Resources */ = {isa = PBXBuildFile; fileRef = 83ED34E41931851600FEB018 /* AppIcon76x76.png */; };
		83ED34F51931851600FEB018 /* AppIcon76x76@2x.png in Resources */ = {isa = PBXBuildFile; fileRef = 83ED34E51931851600FEB018 /* AppIcon76x76@2x.png */; };
		83ED34F61931851600FEB018 /* iTunesArtwork.png in Resources */ = {isa = PBXBuildFile; fileRef = 83ED34E61931851600FEB018 /* iTunesArtwork.png */; };
		83ED34F71931851600FEB018 /* iTunesArtwork@2x.png in Resources */ = {isa = PBXBuildFile; fileRef = 83ED34E71931851600FEB018 /* iTunesArtwork@2x.png */; };
		83FA50B71931524E00F1F3A7 /* Lato-Bol.ttf in Resources */ = {isa = PBXBuildFile; fileRef = 83FA50B51931524E00F1F3A7 /* Lato-Bol.ttf */; };
		83FA50B81931524E00F1F3A7 /* Lato-Reg.ttf in Resources */ = {isa = PBXBuildFile; fileRef = 83FA50B61931524E00F1F3A7 /* Lato-Reg.ttf */; };
		83FCD13C18F907C400A493F0 /* Foundation.framework in Frameworks */ = {isa = PBXBuildFile; fileRef = 83FCD13B18F907C400A493F0 /* Foundation.framework */; };
		83FCD13E18F907C400A493F0 /* CoreGraphics.framework in Frameworks */ = {isa = PBXBuildFile; fileRef = 83FCD13D18F907C400A493F0 /* CoreGraphics.framework */; };
		83FCD14018F907C400A493F0 /* UIKit.framework in Frameworks */ = {isa = PBXBuildFile; fileRef = 83FCD13F18F907C400A493F0 /* UIKit.framework */; };
		83FCD14618F907C400A493F0 /* InfoPlist.strings in Resources */ = {isa = PBXBuildFile; fileRef = 83FCD14418F907C400A493F0 /* InfoPlist.strings */; };
		83FCD14818F907C400A493F0 /* main.m in Sources */ = {isa = PBXBuildFile; fileRef = 83FCD14718F907C400A493F0 /* main.m */; };
		83FCD14C18F907C400A493F0 /* RYAppDelegate.m in Sources */ = {isa = PBXBuildFile; fileRef = 83FCD14B18F907C400A493F0 /* RYAppDelegate.m */; };
		83FCD14F18F907C400A493F0 /* Main.storyboard in Resources */ = {isa = PBXBuildFile; fileRef = 83FCD14D18F907C400A493F0 /* Main.storyboard */; };
		83FCD15718F907C400A493F0 /* Images.xcassets in Resources */ = {isa = PBXBuildFile; fileRef = 83FCD15618F907C400A493F0 /* Images.xcassets */; };
		83FCD15E18F907C400A493F0 /* XCTest.framework in Frameworks */ = {isa = PBXBuildFile; fileRef = 83FCD15D18F907C400A493F0 /* XCTest.framework */; };
		83FCD15F18F907C400A493F0 /* Foundation.framework in Frameworks */ = {isa = PBXBuildFile; fileRef = 83FCD13B18F907C400A493F0 /* Foundation.framework */; };
		83FCD16018F907C400A493F0 /* UIKit.framework in Frameworks */ = {isa = PBXBuildFile; fileRef = 83FCD13F18F907C400A493F0 /* UIKit.framework */; };
		83FCD16818F907C400A493F0 /* InfoPlist.strings in Resources */ = {isa = PBXBuildFile; fileRef = 83FCD16618F907C400A493F0 /* InfoPlist.strings */; };
		83FCD16A18F907C400A493F0 /* RyffTests.m in Sources */ = {isa = PBXBuildFile; fileRef = 83FCD16918F907C400A493F0 /* RyffTests.m */; };
		83FCD17618F909DB00A493F0 /* RYProfileViewController.m in Sources */ = {isa = PBXBuildFile; fileRef = 83FCD17518F909DB00A493F0 /* RYProfileViewController.m */; };
		83FCD17A18F90C1500A493F0 /* RYRiffTrackTableViewCell.m in Sources */ = {isa = PBXBuildFile; fileRef = 83FCD17918F90C1500A493F0 /* RYRiffTrackTableViewCell.m */; };
		83FCD18118F90F8F00A493F0 /* RYSearchPageViewController.m in Sources */ = {isa = PBXBuildFile; fileRef = 83FCD18018F90F8F00A493F0 /* RYSearchPageViewController.m */; };
		83FCD18718F9119B00A493F0 /* RYBandsCollectionViewCell.m in Sources */ = {isa = PBXBuildFile; fileRef = 83FCD18618F9119B00A493F0 /* RYBandsCollectionViewCell.m */; };
		83FCD18B18F9134B00A493F0 /* RYBandViewController.m in Sources */ = {isa = PBXBuildFile; fileRef = 83FCD18A18F9134B00A493F0 /* RYBandViewController.m */; };
		83FCD18F18F9144100A493F0 /* RYNewsfeedTableViewController.m in Sources */ = {isa = PBXBuildFile; fileRef = 83FCD18E18F9144100A493F0 /* RYNewsfeedTableViewController.m */; };
		83FCD19318F9166000A493F0 /* RYArtistSuggestPageViewController.m in Sources */ = {isa = PBXBuildFile; fileRef = 83FCD19218F9166000A493F0 /* RYArtistSuggestPageViewController.m */; };
		83FCD19618F9170700A493F0 /* RYArtistViewController.m in Sources */ = {isa = PBXBuildFile; fileRef = 83FCD19518F9170700A493F0 /* RYArtistViewController.m */; };
		83FCD19A18F91A1F00A493F0 /* RYGroupTableViewCell.m in Sources */ = {isa = PBXBuildFile; fileRef = 83FCD19918F91A1F00A493F0 /* RYGroupTableViewCell.m */; };
		83FCD1A318F921EA00A493F0 /* RYServices.m in Sources */ = {isa = PBXBuildFile; fileRef = 83FCD1A218F921EA00A493F0 /* RYServices.m */; };
		83FCD1A818F9393F00A493F0 /* RYStyleSheet.m in Sources */ = {isa = PBXBuildFile; fileRef = 83FCD1A718F9393F00A493F0 /* RYStyleSheet.m */; };
		83FCD1AB18F93E6C00A493F0 /* user.png in Resources */ = {isa = PBXBuildFile; fileRef = 83FCD1AA18F93E6C00A493F0 /* user.png */; };
		83FCD1AF18F93F5500A493F0 /* artists.png in Resources */ = {isa = PBXBuildFile; fileRef = 83FCD1AC18F93F5500A493F0 /* artists.png */; };
		83FCD1B018F93F5500A493F0 /* artists@2x.png in Resources */ = {isa = PBXBuildFile; fileRef = 83FCD1AD18F93F5500A493F0 /* artists@2x.png */; };
		83FCD1B118F93F5500A493F0 /* user@2x.png in Resources */ = {isa = PBXBuildFile; fileRef = 83FCD1AE18F93F5500A493F0 /* user@2x.png */; };
		83FCD1B418F93FBF00A493F0 /* newsfeed.png in Resources */ = {isa = PBXBuildFile; fileRef = 83FCD1B218F93FBF00A493F0 /* newsfeed.png */; };
		83FCD1B518F93FBF00A493F0 /* newsfeed@2x.png in Resources */ = {isa = PBXBuildFile; fileRef = 83FCD1B318F93FBF00A493F0 /* newsfeed@2x.png */; };
		83FCD1B818F9405F00A493F0 /* RYCoreTabBarViewController.m in Sources */ = {isa = PBXBuildFile; fileRef = 83FCD1B718F9405F00A493F0 /* RYCoreTabBarViewController.m */; };
		83FCD1BB18F9413400A493F0 /* RYNewsfeedPost.m in Sources */ = {isa = PBXBuildFile; fileRef = 83FCD1BA18F9413400A493F0 /* RYNewsfeedPost.m */; };
		83FCD1BF18F9425400A493F0 /* RYUser.m in Sources */ = {isa = PBXBuildFile; fileRef = 83FCD1BE18F9425400A493F0 /* RYUser.m */; };
		83FCD1C218F943AE00A493F0 /* RYRiff.m in Sources */ = {isa = PBXBuildFile; fileRef = 83FCD1C118F943AE00A493F0 /* RYRiff.m */; };
		83FCD1C518F94AC400A493F0 /* play.png in Resources */ = {isa = PBXBuildFile; fileRef = 83FCD1C318F94AC400A493F0 /* play.png */; };
		83FCD1C618F94AC400A493F0 /* play@2x.png in Resources */ = {isa = PBXBuildFile; fileRef = 83FCD1C418F94AC400A493F0 /* play@2x.png */; };
		83FCD1C818F95CBC00A493F0 /* patrickCarney.png in Resources */ = {isa = PBXBuildFile; fileRef = 83FCD1C718F95CBC00A493F0 /* patrickCarney.png */; };
		83FCD1D018F9683D00A493F0 /* Loading_1.png in Resources */ = {isa = PBXBuildFile; fileRef = 83FCD1CA18F9683D00A493F0 /* Loading_1.png */; };
		83FCD1D118F9683D00A493F0 /* Loading_1@2x.png in Resources */ = {isa = PBXBuildFile; fileRef = 83FCD1CB18F9683D00A493F0 /* Loading_1@2x.png */; };
		83FCD1D218F9683D00A493F0 /* Loading_2.png in Resources */ = {isa = PBXBuildFile; fileRef = 83FCD1CC18F9683D00A493F0 /* Loading_2.png */; };
		83FCD1D318F9683D00A493F0 /* Loading_2@2x.png in Resources */ = {isa = PBXBuildFile; fileRef = 83FCD1CD18F9683D00A493F0 /* Loading_2@2x.png */; };
		83FCD1D418F9683D00A493F0 /* Loading_3.png in Resources */ = {isa = PBXBuildFile; fileRef = 83FCD1CE18F9683D00A493F0 /* Loading_3.png */; };
		83FCD1D518F9683D00A493F0 /* Loading_3@2x.png in Resources */ = {isa = PBXBuildFile; fileRef = 83FCD1CF18F9683D00A493F0 /* Loading_3@2x.png */; };
		83FCD1EA18F9741400A493F0 /* AFHTTPRequestOperation.m in Sources */ = {isa = PBXBuildFile; fileRef = 83FCD1D818F9741400A493F0 /* AFHTTPRequestOperation.m */; };
		83FCD1EB18F9741400A493F0 /* AFHTTPRequestOperationManager.m in Sources */ = {isa = PBXBuildFile; fileRef = 83FCD1DA18F9741400A493F0 /* AFHTTPRequestOperationManager.m */; };
		83FCD1EC18F9741400A493F0 /* AFHTTPSessionManager.m in Sources */ = {isa = PBXBuildFile; fileRef = 83FCD1DC18F9741400A493F0 /* AFHTTPSessionManager.m */; };
		83FCD1ED18F9741400A493F0 /* AFNetworkReachabilityManager.m in Sources */ = {isa = PBXBuildFile; fileRef = 83FCD1DF18F9741400A493F0 /* AFNetworkReachabilityManager.m */; };
		83FCD1EE18F9741400A493F0 /* AFSecurityPolicy.m in Sources */ = {isa = PBXBuildFile; fileRef = 83FCD1E118F9741400A493F0 /* AFSecurityPolicy.m */; };
		83FCD1EF18F9741400A493F0 /* AFURLConnectionOperation.m in Sources */ = {isa = PBXBuildFile; fileRef = 83FCD1E318F9741400A493F0 /* AFURLConnectionOperation.m */; };
		83FCD1F018F9741400A493F0 /* AFURLRequestSerialization.m in Sources */ = {isa = PBXBuildFile; fileRef = 83FCD1E518F9741400A493F0 /* AFURLRequestSerialization.m */; };
		83FCD1F118F9741400A493F0 /* AFURLResponseSerialization.m in Sources */ = {isa = PBXBuildFile; fileRef = 83FCD1E718F9741400A493F0 /* AFURLResponseSerialization.m */; };
		83FCD1F218F9741400A493F0 /* AFURLSessionManager.m in Sources */ = {isa = PBXBuildFile; fileRef = 83FCD1E918F9741400A493F0 /* AFURLSessionManager.m */; };
		83FE255A19315D79009FC978 /* riffCellBack.png in Resources */ = {isa = PBXBuildFile; fileRef = 83FE255819315D79009FC978 /* riffCellBack.png */; };
		83FE255B19315D79009FC978 /* riffCellBack@2x.png in Resources */ = {isa = PBXBuildFile; fileRef = 83FE255919315D79009FC978 /* riffCellBack@2x.png */; };
/* End PBXBuildFile section */

/* Begin PBXContainerItemProxy section */
		83FCD16118F907C400A493F0 /* PBXContainerItemProxy */ = {
			isa = PBXContainerItemProxy;
			containerPortal = 83FCD13018F907C400A493F0 /* Project object */;
			proxyType = 1;
			remoteGlobalIDString = 83FCD13718F907C400A493F0;
			remoteInfo = Ryff;
		};
/* End PBXContainerItemProxy section */

/* Begin PBXFileReference section */
		830185F219009C3A00093EFA /* RYLoginViewController.h */ = {isa = PBXFileReference; fileEncoding = 4; lastKnownFileType = sourcecode.c.h; path = RYLoginViewController.h; sourceTree = "<group>"; };
		830185F319009C3A00093EFA /* RYLoginViewController.m */ = {isa = PBXFileReference; fileEncoding = 4; lastKnownFileType = sourcecode.c.objc; path = RYLoginViewController.m; sourceTree = "<group>"; };
		830185F51900A24700093EFA /* RYRootRegistrationViewController.h */ = {isa = PBXFileReference; fileEncoding = 4; lastKnownFileType = sourcecode.c.h; path = RYRootRegistrationViewController.h; sourceTree = "<group>"; };
		830185F61900A24700093EFA /* RYRootRegistrationViewController.m */ = {isa = PBXFileReference; fileEncoding = 4; lastKnownFileType = sourcecode.c.objc; path = RYRootRegistrationViewController.m; sourceTree = "<group>"; };
		830185F81900ADB000093EFA /* ryff.png */ = {isa = PBXFileReference; lastKnownFileType = image.png; path = ryff.png; sourceTree = "<group>"; };
		830185F91900ADB000093EFA /* ryff@2x.png */ = {isa = PBXFileReference; lastKnownFileType = image.png; path = "ryff@2x.png"; sourceTree = "<group>"; };
		830185FC1900AEB300093EFA /* UIColor+Hex.h */ = {isa = PBXFileReference; fileEncoding = 4; lastKnownFileType = sourcecode.c.h; path = "UIColor+Hex.h"; sourceTree = "<group>"; };
		830185FD1900AEB300093EFA /* UIColor+Hex.m */ = {isa = PBXFileReference; fileEncoding = 4; lastKnownFileType = sourcecode.c.objc; path = "UIColor+Hex.m"; sourceTree = "<group>"; };
		830185FF1900B1CD00093EFA /* tabBar.png */ = {isa = PBXFileReference; lastKnownFileType = image.png; path = tabBar.png; sourceTree = "<group>"; };
		830186001900B1CD00093EFA /* tabBar@2x.png */ = {isa = PBXFileReference; lastKnownFileType = image.png; path = "tabBar@2x.png"; sourceTree = "<group>"; };
		830BBCAE18F9F54900A9C53F /* en */ = {isa = PBXFileReference; lastKnownFileType = text.plist.strings; name = en; path = en.lproj/SSKeychain.strings; sourceTree = "<group>"; };
		830BBCAF18F9F54900A9C53F /* SSKeychain.h */ = {isa = PBXFileReference; fileEncoding = 4; lastKnownFileType = sourcecode.c.h; path = SSKeychain.h; sourceTree = "<group>"; };
		830BBCB018F9F54900A9C53F /* SSKeychain.m */ = {isa = PBXFileReference; fileEncoding = 4; lastKnownFileType = sourcecode.c.objc; path = SSKeychain.m; sourceTree = "<group>"; };
		830BBCB118F9F54900A9C53F /* SSKeychainQuery.h */ = {isa = PBXFileReference; fileEncoding = 4; lastKnownFileType = sourcecode.c.h; path = SSKeychainQuery.h; sourceTree = "<group>"; };
		830BBCB218F9F54900A9C53F /* SSKeychainQuery.m */ = {isa = PBXFileReference; fileEncoding = 4; lastKnownFileType = sourcecode.c.objc; path = SSKeychainQuery.m; sourceTree = "<group>"; };
		830BBCB718FA055900A9C53F /* MBProgressHUD-Prefix.pch */ = {isa = PBXFileReference; fileEncoding = 4; lastKnownFileType = sourcecode.c.h; path = "MBProgressHUD-Prefix.pch"; sourceTree = "<group>"; };
		830BBCB818FA055900A9C53F /* MBProgressHUD.h */ = {isa = PBXFileReference; fileEncoding = 4; lastKnownFileType = sourcecode.c.h; path = MBProgressHUD.h; sourceTree = "<group>"; };
		830BBCB918FA055900A9C53F /* MBProgressHUD.m */ = {isa = PBXFileReference; fileEncoding = 4; lastKnownFileType = sourcecode.c.objc; path = MBProgressHUD.m; sourceTree = "<group>"; };
		830BBCBD18FA06AD00A9C53F /* UIViewController+Extras.h */ = {isa = PBXFileReference; fileEncoding = 4; lastKnownFileType = sourcecode.c.h; path = "UIViewController+Extras.h"; sourceTree = "<group>"; };
		830BBCBE18FA06AD00A9C53F /* UIViewController+Extras.m */ = {isa = PBXFileReference; fileEncoding = 4; lastKnownFileType = sourcecode.c.objc; path = "UIViewController+Extras.m"; sourceTree = "<group>"; };
		830BBCC118FA081600A9C53F /* checkmark.png */ = {isa = PBXFileReference; lastKnownFileType = image.png; path = checkmark.png; sourceTree = "<group>"; };
		830BBCC218FA081600A9C53F /* checkmark@2x.png */ = {isa = PBXFileReference; lastKnownFileType = image.png; path = "checkmark@2x.png"; sourceTree = "<group>"; };
		830BBCC618FA0A5800A9C53F /* RYLocationServices.h */ = {isa = PBXFileReference; fileEncoding = 4; lastKnownFileType = sourcecode.c.h; path = RYLocationServices.h; sourceTree = "<group>"; };
		830BBCC718FA0A5800A9C53F /* RYLocationServices.m */ = {isa = PBXFileReference; fileEncoding = 4; lastKnownFileType = sourcecode.c.objc; path = RYLocationServices.m; sourceTree = "<group>"; };
		830BBCC918FA0C2300A9C53F /* CoreLocation.framework */ = {isa = PBXFileReference; lastKnownFileType = wrapper.framework; name = CoreLocation.framework; path = System/Library/Frameworks/CoreLocation.framework; sourceTree = SDKROOT; };
		830BBCCB18FA0FC500A9C53F /* RYRegisterViewController.h */ = {isa = PBXFileReference; fileEncoding = 4; lastKnownFileType = sourcecode.c.h; path = RYRegisterViewController.h; sourceTree = "<group>"; };
		830BBCCC18FA0FC500A9C53F /* RYRegisterViewController.m */ = {isa = PBXFileReference; fileEncoding = 4; lastKnownFileType = sourcecode.c.objc; path = RYRegisterViewController.m; sourceTree = "<group>"; };
		830BBCD018FA142000A9C53F /* BlockAlertView.h */ = {isa = PBXFileReference; fileEncoding = 4; lastKnownFileType = sourcecode.c.h; path = BlockAlertView.h; sourceTree = "<group>"; };
		830BBCD118FA142000A9C53F /* BlockAlertView.m */ = {isa = PBXFileReference; fileEncoding = 4; lastKnownFileType = sourcecode.c.objc; path = BlockAlertView.m; sourceTree = "<group>"; };
		830BBCD318FA14F500A9C53F /* UIImage+Thumbnail.h */ = {isa = PBXFileReference; fileEncoding = 4; lastKnownFileType = sourcecode.c.h; path = "UIImage+Thumbnail.h"; sourceTree = "<group>"; };
		830BBCD418FA14F500A9C53F /* UIImage+Thumbnail.m */ = {isa = PBXFileReference; fileEncoding = 4; lastKnownFileType = sourcecode.c.objc; path = "UIImage+Thumbnail.m"; sourceTree = "<group>"; };
		830BBCD718FA196300A9C53F /* userBig.png */ = {isa = PBXFileReference; lastKnownFileType = image.png; path = userBig.png; sourceTree = "<group>"; };
		830BBCD818FA196300A9C53F /* userBig@2x.png */ = {isa = PBXFileReference; lastKnownFileType = image.png; path = "userBig@2x.png"; sourceTree = "<group>"; };
		830BBCDB18FA401700A9C53F /* friend.png */ = {isa = PBXFileReference; lastKnownFileType = image.png; path = friend.png; sourceTree = "<group>"; };
		830BBCDC18FA401700A9C53F /* friend@2x.png */ = {isa = PBXFileReference; lastKnownFileType = image.png; path = "friend@2x.png"; sourceTree = "<group>"; };
		830BBCDD18FA401700A9C53F /* next.png */ = {isa = PBXFileReference; lastKnownFileType = image.png; path = next.png; sourceTree = "<group>"; };
		830BBCDE18FA401700A9C53F /* next@2x.png */ = {isa = PBXFileReference; lastKnownFileType = image.png; path = "next@2x.png"; sourceTree = "<group>"; };
		830BBCE318FA57F200A9C53F /* RYCoreViewController.h */ = {isa = PBXFileReference; fileEncoding = 4; lastKnownFileType = sourcecode.c.h; name = RYCoreViewController.h; path = ../UI/Custom/RYCoreViewController.h; sourceTree = "<group>"; };
		830BBCE418FA57F200A9C53F /* RYCoreViewController.m */ = {isa = PBXFileReference; fileEncoding = 4; lastKnownFileType = sourcecode.c.objc; name = RYCoreViewController.m; path = ../UI/Custom/RYCoreViewController.m; sourceTree = "<group>"; };
		830BBCE618FA589F00A9C53F /* RYCorePageViewController.h */ = {isa = PBXFileReference; fileEncoding = 4; lastKnownFileType = sourcecode.c.h; path = RYCorePageViewController.h; sourceTree = "<group>"; };
		830BBCE718FA589F00A9C53F /* RYCorePageViewController.m */ = {isa = PBXFileReference; fileEncoding = 4; lastKnownFileType = sourcecode.c.objc; path = RYCorePageViewController.m; sourceTree = "<group>"; };
		830BBCEA18FA786800A9C53F /* Cylindric_1.png */ = {isa = PBXFileReference; lastKnownFileType = image.png; path = Cylindric_1.png; sourceTree = "<group>"; };
		830BBCEB18FA786800A9C53F /* Cylindric_1@2x.png */ = {isa = PBXFileReference; lastKnownFileType = image.png; path = "Cylindric_1@2x.png"; sourceTree = "<group>"; };
		830BBCEC18FA786800A9C53F /* Cylindric_2.png */ = {isa = PBXFileReference; lastKnownFileType = image.png; path = Cylindric_2.png; sourceTree = "<group>"; };
		830BBCED18FA786800A9C53F /* Cylindric_2@2x.png */ = {isa = PBXFileReference; lastKnownFileType = image.png; path = "Cylindric_2@2x.png"; sourceTree = "<group>"; };
		830BBCEE18FA786800A9C53F /* Cylindric_3@2x.png */ = {isa = PBXFileReference; lastKnownFileType = image.png; path = "Cylindric_3@2x.png"; sourceTree = "<group>"; };
		830BBCFC18FA97EA00A9C53F /* dot.png */ = {isa = PBXFileReference; lastKnownFileType = image.png; name = dot.png; path = ../dot.png; sourceTree = "<group>"; };
		830BBCFD18FA97EA00A9C53F /* dot@2x.png */ = {isa = PBXFileReference; lastKnownFileType = image.png; name = "dot@2x.png"; path = "../dot@2x.png"; sourceTree = "<group>"; };
		830BBCFE18FA97EA00A9C53F /* mic.png */ = {isa = PBXFileReference; lastKnownFileType = image.png; name = mic.png; path = ../mic.png; sourceTree = "<group>"; };
		830BBCFF18FA97EA00A9C53F /* mic@2x.png */ = {isa = PBXFileReference; lastKnownFileType = image.png; name = "mic@2x.png"; path = "../mic@2x.png"; sourceTree = "<group>"; };
		830BBD0518FAA95700A9C53F /* plus.png */ = {isa = PBXFileReference; lastKnownFileType = image.png; path = plus.png; sourceTree = "<group>"; };
		830BBD0618FAA95700A9C53F /* plus@2x.png */ = {isa = PBXFileReference; lastKnownFileType = image.png; path = "plus@2x.png"; sourceTree = "<group>"; };
		830BBD0718FAA95700A9C53F /* share.png */ = {isa = PBXFileReference; lastKnownFileType = image.png; path = share.png; sourceTree = "<group>"; };
		830BBD0818FAA95700A9C53F /* share@2x.png */ = {isa = PBXFileReference; lastKnownFileType = image.png; path = "share@2x.png"; sourceTree = "<group>"; };
		83BC52C5193159260085FADF /* cellBody.png */ = {isa = PBXFileReference; lastKnownFileType = image.png; path = cellBody.png; sourceTree = "<group>"; };
		83BC52C6193159260085FADF /* cellBody@2x.png */ = {isa = PBXFileReference; lastKnownFileType = image.png; path = "cellBody@2x.png"; sourceTree = "<group>"; };
		83C6CA7718FAECE500412469 /* RYRiffEditViewController.h */ = {isa = PBXFileReference; fileEncoding = 4; lastKnownFileType = sourcecode.c.h; path = RYRiffEditViewController.h; sourceTree = "<group>"; };
		83C6CA7818FAECE500412469 /* RYRiffEditViewController.m */ = {isa = PBXFileReference; fileEncoding = 4; lastKnownFileType = sourcecode.c.objc; path = RYRiffEditViewController.m; sourceTree = "<group>"; };
		83C6CA7A18FAF95C00412469 /* UIImage+Color.h */ = {isa = PBXFileReference; fileEncoding = 4; lastKnownFileType = sourcecode.c.h; path = "UIImage+Color.h"; sourceTree = "<group>"; };
		83C6CA7B18FAF95C00412469 /* UIImage+Color.m */ = {isa = PBXFileReference; fileEncoding = 4; lastKnownFileType = sourcecode.c.objc; path = "UIImage+Color.m"; sourceTree = "<group>"; };
		83C6CA7D18FAFF5200412469 /* back.png */ = {isa = PBXFileReference; lastKnownFileType = image.png; path = back.png; sourceTree = "<group>"; };
		83C6CA7E18FAFF5200412469 /* back@2x.png */ = {isa = PBXFileReference; lastKnownFileType = image.png; path = "back@2x.png"; sourceTree = "<group>"; };
		83C6CA7F18FAFF5200412469 /* cloud.png */ = {isa = PBXFileReference; lastKnownFileType = image.png; path = cloud.png; sourceTree = "<group>"; };
		83C6CA8018FAFF5200412469 /* cloud@2x.png */ = {isa = PBXFileReference; lastKnownFileType = image.png; path = "cloud@2x.png"; sourceTree = "<group>"; };
		83C6CA8118FAFF5200412469 /* reset.png */ = {isa = PBXFileReference; lastKnownFileType = image.png; path = reset.png; sourceTree = "<group>"; };
		83C6CA8218FAFF5200412469 /* reset@2x.png */ = {isa = PBXFileReference; lastKnownFileType = image.png; path = "reset@2x.png"; sourceTree = "<group>"; };
		83DBCA7218F9856800262496 /* RMDownloadIndicator.h */ = {isa = PBXFileReference; fileEncoding = 4; lastKnownFileType = sourcecode.c.h; path = RMDownloadIndicator.h; sourceTree = "<group>"; };
		83DBCA7318F9856800262496 /* RMDownloadIndicator.m */ = {isa = PBXFileReference; fileEncoding = 4; lastKnownFileType = sourcecode.c.objc; path = RMDownloadIndicator.m; sourceTree = "<group>"; };
		83DBCA7518F9859000262496 /* RMDisplayLabel.h */ = {isa = PBXFileReference; fileEncoding = 4; lastKnownFileType = sourcecode.c.h; path = RMDisplayLabel.h; sourceTree = "<group>"; };
		83DBCA7618F9859000262496 /* RMDisplayLabel.m */ = {isa = PBXFileReference; fileEncoding = 4; lastKnownFileType = sourcecode.c.objc; path = RMDisplayLabel.m; sourceTree = "<group>"; };
		83DBCA7918F99E3F00262496 /* RYRiffStreamingCoreViewController.h */ = {isa = PBXFileReference; fileEncoding = 4; lastKnownFileType = sourcecode.c.h; path = RYRiffStreamingCoreViewController.h; sourceTree = "<group>"; };
		83DBCA7A18F99E3F00262496 /* RYRiffStreamingCoreViewController.m */ = {isa = PBXFileReference; fileEncoding = 4; lastKnownFileType = sourcecode.c.objc; path = RYRiffStreamingCoreViewController.m; sourceTree = "<group>"; };
		83ED34C71931639800FEB018 /* RYRiffCellBodyTableViewCell.h */ = {isa = PBXFileReference; fileEncoding = 4; lastKnownFileType = sourcecode.c.h; path = RYRiffCellBodyTableViewCell.h; sourceTree = "<group>"; };
		83ED34C81931639800FEB018 /* RYRiffCellBodyTableViewCell.m */ = {isa = PBXFileReference; fileEncoding = 4; lastKnownFileType = sourcecode.c.objc; path = RYRiffCellBodyTableViewCell.m; sourceTree = "<group>"; };
		83ED34CA193163C900FEB018 /* RYRiffCellBodyTableViewCell.xib */ = {isa = PBXFileReference; fileEncoding = 4; lastKnownFileType = file.xib; path = RYRiffCellBodyTableViewCell.xib; sourceTree = "<group>"; };
		83ED34CC19316E5D00FEB018 /* Lato-Lig.ttf */ = {isa = PBXFileReference; lastKnownFileType = file; path = "Lato-Lig.ttf"; sourceTree = "<group>"; };
		83ED34CD19316E5D00FEB018 /* Lato-RegIta.ttf */ = {isa = PBXFileReference; lastKnownFileType = file; path = "Lato-RegIta.ttf"; sourceTree = "<group>"; };
		83ED34D01931794C00FEB018 /* RYCoreNavigationController.h */ = {isa = PBXFileReference; fileEncoding = 4; lastKnownFileType = sourcecode.c.h; path = RYCoreNavigationController.h; sourceTree = "<group>"; };
		83ED34D11931794C00FEB018 /* RYCoreNavigationController.m */ = {isa = PBXFileReference; fileEncoding = 4; lastKnownFileType = sourcecode.c.objc; path = RYCoreNavigationController.m; sourceTree = "<group>"; };
		83ED34D419317D0F00FEB018 /* RYRiffTrackTableViewCell.xib */ = {isa = PBXFileReference; fileEncoding = 4; lastKnownFileType = file.xib; path = RYRiffTrackTableViewCell.xib; sourceTree = "<group>"; };
		83ED34D81931851600FEB018 /* AppIcon29x29.png */ = {isa = PBXFileReference; lastKnownFileType = image.png; path = AppIcon29x29.png; sourceTree = "<group>"; };
		83ED34D91931851600FEB018 /* AppIcon29x29@2x.png */ = {isa = PBXFileReference; lastKnownFileType = image.png; path = "AppIcon29x29@2x.png"; sourceTree = "<group>"; };
		83ED34DA1931851600FEB018 /* AppIcon40x40.png */ = {isa = PBXFileReference; lastKnownFileType = image.png; path = AppIcon40x40.png; sourceTree = "<group>"; };
		83ED34DB1931851600FEB018 /* AppIcon40x40@2x.png */ = {isa = PBXFileReference; lastKnownFileType = image.png; path = "AppIcon40x40@2x.png"; sourceTree = "<group>"; };
		83ED34DC1931851600FEB018 /* AppIcon50x50.png */ = {isa = PBXFileReference; lastKnownFileType = image.png; path = AppIcon50x50.png; sourceTree = "<group>"; };
		83ED34DD1931851600FEB018 /* AppIcon50x50@2x.png */ = {isa = PBXFileReference; lastKnownFileType = image.png; path = "AppIcon50x50@2x.png"; sourceTree = "<group>"; };
		83ED34DE1931851600FEB018 /* AppIcon57x57.png */ = {isa = PBXFileReference; lastKnownFileType = image.png; path = AppIcon57x57.png; sourceTree = "<group>"; };
		83ED34DF1931851600FEB018 /* AppIcon57x57@2x.png */ = {isa = PBXFileReference; lastKnownFileType = image.png; path = "AppIcon57x57@2x.png"; sourceTree = "<group>"; };
		83ED34E01931851600FEB018 /* AppIcon60x60.png */ = {isa = PBXFileReference; lastKnownFileType = image.png; path = AppIcon60x60.png; sourceTree = "<group>"; };
		83ED34E11931851600FEB018 /* AppIcon60x60@2x.png */ = {isa = PBXFileReference; lastKnownFileType = image.png; path = "AppIcon60x60@2x.png"; sourceTree = "<group>"; };
		83ED34E21931851600FEB018 /* AppIcon72x72.png */ = {isa = PBXFileReference; lastKnownFileType = image.png; path = AppIcon72x72.png; sourceTree = "<group>"; };
		83ED34E31931851600FEB018 /* AppIcon72x72@2x.png */ = {isa = PBXFileReference; lastKnownFileType = image.png; path = "AppIcon72x72@2x.png"; sourceTree = "<group>"; };
		83ED34E41931851600FEB018 /* AppIcon76x76.png */ = {isa = PBXFileReference; lastKnownFileType = image.png; path = AppIcon76x76.png; sourceTree = "<group>"; };
		83ED34E51931851600FEB018 /* AppIcon76x76@2x.png */ = {isa = PBXFileReference; lastKnownFileType = image.png; path = "AppIcon76x76@2x.png"; sourceTree = "<group>"; };
		83ED34E61931851600FEB018 /* iTunesArtwork.png */ = {isa = PBXFileReference; lastKnownFileType = image.png; path = iTunesArtwork.png; sourceTree = "<group>"; };
		83ED34E71931851600FEB018 /* iTunesArtwork@2x.png */ = {isa = PBXFileReference; lastKnownFileType = image.png; path = "iTunesArtwork@2x.png"; sourceTree = "<group>"; };
		83FA50B51931524E00F1F3A7 /* Lato-Bol.ttf */ = {isa = PBXFileReference; lastKnownFileType = file; path = "Lato-Bol.ttf"; sourceTree = "<group>"; };
		83FA50B61931524E00F1F3A7 /* Lato-Reg.ttf */ = {isa = PBXFileReference; lastKnownFileType = file; path = "Lato-Reg.ttf"; sourceTree = "<group>"; };
		83FCD13818F907C400A493F0 /* Ryff.app */ = {isa = PBXFileReference; explicitFileType = wrapper.application; includeInIndex = 0; path = Ryff.app; sourceTree = BUILT_PRODUCTS_DIR; };
		83FCD13B18F907C400A493F0 /* Foundation.framework */ = {isa = PBXFileReference; lastKnownFileType = wrapper.framework; name = Foundation.framework; path = System/Library/Frameworks/Foundation.framework; sourceTree = SDKROOT; };
		83FCD13D18F907C400A493F0 /* CoreGraphics.framework */ = {isa = PBXFileReference; lastKnownFileType = wrapper.framework; name = CoreGraphics.framework; path = System/Library/Frameworks/CoreGraphics.framework; sourceTree = SDKROOT; };
		83FCD13F18F907C400A493F0 /* UIKit.framework */ = {isa = PBXFileReference; lastKnownFileType = wrapper.framework; name = UIKit.framework; path = System/Library/Frameworks/UIKit.framework; sourceTree = SDKROOT; };
		83FCD14318F907C400A493F0 /* Ryff-Info.plist */ = {isa = PBXFileReference; lastKnownFileType = text.plist.xml; path = "Ryff-Info.plist"; sourceTree = "<group>"; };
		83FCD14518F907C400A493F0 /* en */ = {isa = PBXFileReference; lastKnownFileType = text.plist.strings; name = en; path = en.lproj/InfoPlist.strings; sourceTree = "<group>"; };
		83FCD14718F907C400A493F0 /* main.m */ = {isa = PBXFileReference; lastKnownFileType = sourcecode.c.objc; path = main.m; sourceTree = "<group>"; };
		83FCD14918F907C400A493F0 /* Ryff-Prefix.pch */ = {isa = PBXFileReference; lastKnownFileType = sourcecode.c.h; path = "Ryff-Prefix.pch"; sourceTree = "<group>"; };
		83FCD14A18F907C400A493F0 /* RYAppDelegate.h */ = {isa = PBXFileReference; lastKnownFileType = sourcecode.c.h; path = RYAppDelegate.h; sourceTree = "<group>"; };
		83FCD14B18F907C400A493F0 /* RYAppDelegate.m */ = {isa = PBXFileReference; lastKnownFileType = sourcecode.c.objc; path = RYAppDelegate.m; sourceTree = "<group>"; };
		83FCD14E18F907C400A493F0 /* Base */ = {isa = PBXFileReference; lastKnownFileType = file.storyboard; name = Base; path = Base.lproj/Main.storyboard; sourceTree = "<group>"; };
		83FCD15618F907C400A493F0 /* Images.xcassets */ = {isa = PBXFileReference; lastKnownFileType = folder.assetcatalog; path = Images.xcassets; sourceTree = "<group>"; };
		83FCD15C18F907C400A493F0 /* RyffTests.xctest */ = {isa = PBXFileReference; explicitFileType = wrapper.cfbundle; includeInIndex = 0; path = RyffTests.xctest; sourceTree = BUILT_PRODUCTS_DIR; };
		83FCD15D18F907C400A493F0 /* XCTest.framework */ = {isa = PBXFileReference; lastKnownFileType = wrapper.framework; name = XCTest.framework; path = Library/Frameworks/XCTest.framework; sourceTree = DEVELOPER_DIR; };
		83FCD16518F907C400A493F0 /* RyffTests-Info.plist */ = {isa = PBXFileReference; lastKnownFileType = text.plist.xml; path = "RyffTests-Info.plist"; sourceTree = "<group>"; };
		83FCD16718F907C400A493F0 /* en */ = {isa = PBXFileReference; lastKnownFileType = text.plist.strings; name = en; path = en.lproj/InfoPlist.strings; sourceTree = "<group>"; };
		83FCD16918F907C400A493F0 /* RyffTests.m */ = {isa = PBXFileReference; lastKnownFileType = sourcecode.c.objc; path = RyffTests.m; sourceTree = "<group>"; };
		83FCD17418F909DB00A493F0 /* RYProfileViewController.h */ = {isa = PBXFileReference; fileEncoding = 4; lastKnownFileType = sourcecode.c.h; path = RYProfileViewController.h; sourceTree = "<group>"; };
		83FCD17518F909DB00A493F0 /* RYProfileViewController.m */ = {isa = PBXFileReference; fileEncoding = 4; lastKnownFileType = sourcecode.c.objc; path = RYProfileViewController.m; sourceTree = "<group>"; };
		83FCD17818F90C1500A493F0 /* RYRiffTrackTableViewCell.h */ = {isa = PBXFileReference; fileEncoding = 4; lastKnownFileType = sourcecode.c.h; path = RYRiffTrackTableViewCell.h; sourceTree = "<group>"; };
		83FCD17918F90C1500A493F0 /* RYRiffTrackTableViewCell.m */ = {isa = PBXFileReference; fileEncoding = 4; lastKnownFileType = sourcecode.c.objc; path = RYRiffTrackTableViewCell.m; sourceTree = "<group>"; };
		83FCD17F18F90F8F00A493F0 /* RYSearchPageViewController.h */ = {isa = PBXFileReference; fileEncoding = 4; lastKnownFileType = sourcecode.c.h; path = RYSearchPageViewController.h; sourceTree = "<group>"; };
		83FCD18018F90F8F00A493F0 /* RYSearchPageViewController.m */ = {isa = PBXFileReference; fileEncoding = 4; lastKnownFileType = sourcecode.c.objc; path = RYSearchPageViewController.m; sourceTree = "<group>"; };
		83FCD18518F9119B00A493F0 /* RYBandsCollectionViewCell.h */ = {isa = PBXFileReference; fileEncoding = 4; lastKnownFileType = sourcecode.c.h; path = RYBandsCollectionViewCell.h; sourceTree = "<group>"; };
		83FCD18618F9119B00A493F0 /* RYBandsCollectionViewCell.m */ = {isa = PBXFileReference; fileEncoding = 4; lastKnownFileType = sourcecode.c.objc; path = RYBandsCollectionViewCell.m; sourceTree = "<group>"; };
		83FCD18918F9134B00A493F0 /* RYBandViewController.h */ = {isa = PBXFileReference; fileEncoding = 4; lastKnownFileType = sourcecode.c.h; path = RYBandViewController.h; sourceTree = "<group>"; };
		83FCD18A18F9134B00A493F0 /* RYBandViewController.m */ = {isa = PBXFileReference; fileEncoding = 4; lastKnownFileType = sourcecode.c.objc; path = RYBandViewController.m; sourceTree = "<group>"; };
		83FCD18D18F9144100A493F0 /* RYNewsfeedTableViewController.h */ = {isa = PBXFileReference; fileEncoding = 4; lastKnownFileType = sourcecode.c.h; path = RYNewsfeedTableViewController.h; sourceTree = "<group>"; };
		83FCD18E18F9144100A493F0 /* RYNewsfeedTableViewController.m */ = {isa = PBXFileReference; fileEncoding = 4; lastKnownFileType = sourcecode.c.objc; path = RYNewsfeedTableViewController.m; sourceTree = "<group>"; };
		83FCD19118F9166000A493F0 /* RYArtistSuggestPageViewController.h */ = {isa = PBXFileReference; fileEncoding = 4; lastKnownFileType = sourcecode.c.h; path = RYArtistSuggestPageViewController.h; sourceTree = "<group>"; };
		83FCD19218F9166000A493F0 /* RYArtistSuggestPageViewController.m */ = {isa = PBXFileReference; fileEncoding = 4; lastKnownFileType = sourcecode.c.objc; path = RYArtistSuggestPageViewController.m; sourceTree = "<group>"; };
		83FCD19418F9170700A493F0 /* RYArtistViewController.h */ = {isa = PBXFileReference; fileEncoding = 4; lastKnownFileType = sourcecode.c.h; name = RYArtistViewController.h; path = ../RYArtistViewController.h; sourceTree = "<group>"; };
		83FCD19518F9170700A493F0 /* RYArtistViewController.m */ = {isa = PBXFileReference; fileEncoding = 4; lastKnownFileType = sourcecode.c.objc; name = RYArtistViewController.m; path = ../RYArtistViewController.m; sourceTree = "<group>"; };
		83FCD19818F91A1F00A493F0 /* RYGroupTableViewCell.h */ = {isa = PBXFileReference; fileEncoding = 4; lastKnownFileType = sourcecode.c.h; name = RYGroupTableViewCell.h; path = ../RiffCell/RYGroupTableViewCell.h; sourceTree = "<group>"; };
		83FCD19918F91A1F00A493F0 /* RYGroupTableViewCell.m */ = {isa = PBXFileReference; fileEncoding = 4; lastKnownFileType = sourcecode.c.objc; name = RYGroupTableViewCell.m; path = ../RiffCell/RYGroupTableViewCell.m; sourceTree = "<group>"; };
		83FCD1A118F921EA00A493F0 /* RYServices.h */ = {isa = PBXFileReference; fileEncoding = 4; lastKnownFileType = sourcecode.c.h; path = RYServices.h; sourceTree = "<group>"; };
		83FCD1A218F921EA00A493F0 /* RYServices.m */ = {isa = PBXFileReference; fileEncoding = 4; lastKnownFileType = sourcecode.c.objc; path = RYServices.m; sourceTree = "<group>"; };
		83FCD1A618F9393F00A493F0 /* RYStyleSheet.h */ = {isa = PBXFileReference; fileEncoding = 4; lastKnownFileType = sourcecode.c.h; path = RYStyleSheet.h; sourceTree = "<group>"; };
		83FCD1A718F9393F00A493F0 /* RYStyleSheet.m */ = {isa = PBXFileReference; fileEncoding = 4; lastKnownFileType = sourcecode.c.objc; path = RYStyleSheet.m; sourceTree = "<group>"; };
		83FCD1AA18F93E6C00A493F0 /* user.png */ = {isa = PBXFileReference; lastKnownFileType = image.png; path = user.png; sourceTree = "<group>"; };
		83FCD1AC18F93F5500A493F0 /* artists.png */ = {isa = PBXFileReference; lastKnownFileType = image.png; path = artists.png; sourceTree = "<group>"; };
		83FCD1AD18F93F5500A493F0 /* artists@2x.png */ = {isa = PBXFileReference; lastKnownFileType = image.png; path = "artists@2x.png"; sourceTree = "<group>"; };
		83FCD1AE18F93F5500A493F0 /* user@2x.png */ = {isa = PBXFileReference; lastKnownFileType = image.png; path = "user@2x.png"; sourceTree = "<group>"; };
		83FCD1B218F93FBF00A493F0 /* newsfeed.png */ = {isa = PBXFileReference; lastKnownFileType = image.png; path = newsfeed.png; sourceTree = "<group>"; };
		83FCD1B318F93FBF00A493F0 /* newsfeed@2x.png */ = {isa = PBXFileReference; lastKnownFileType = image.png; path = "newsfeed@2x.png"; sourceTree = "<group>"; };
		83FCD1B618F9405F00A493F0 /* RYCoreTabBarViewController.h */ = {isa = PBXFileReference; fileEncoding = 4; lastKnownFileType = sourcecode.c.h; path = RYCoreTabBarViewController.h; sourceTree = "<group>"; };
		83FCD1B718F9405F00A493F0 /* RYCoreTabBarViewController.m */ = {isa = PBXFileReference; fileEncoding = 4; lastKnownFileType = sourcecode.c.objc; path = RYCoreTabBarViewController.m; sourceTree = "<group>"; };
		83FCD1B918F9413400A493F0 /* RYNewsfeedPost.h */ = {isa = PBXFileReference; fileEncoding = 4; lastKnownFileType = sourcecode.c.h; path = RYNewsfeedPost.h; sourceTree = "<group>"; };
		83FCD1BA18F9413400A493F0 /* RYNewsfeedPost.m */ = {isa = PBXFileReference; fileEncoding = 4; lastKnownFileType = sourcecode.c.objc; path = RYNewsfeedPost.m; sourceTree = "<group>"; };
		83FCD1BD18F9425400A493F0 /* RYUser.h */ = {isa = PBXFileReference; fileEncoding = 4; lastKnownFileType = sourcecode.c.h; path = RYUser.h; sourceTree = "<group>"; };
		83FCD1BE18F9425400A493F0 /* RYUser.m */ = {isa = PBXFileReference; fileEncoding = 4; lastKnownFileType = sourcecode.c.objc; path = RYUser.m; sourceTree = "<group>"; };
		83FCD1C018F943AE00A493F0 /* RYRiff.h */ = {isa = PBXFileReference; fileEncoding = 4; lastKnownFileType = sourcecode.c.h; path = RYRiff.h; sourceTree = "<group>"; };
		83FCD1C118F943AE00A493F0 /* RYRiff.m */ = {isa = PBXFileReference; fileEncoding = 4; lastKnownFileType = sourcecode.c.objc; path = RYRiff.m; sourceTree = "<group>"; };
		83FCD1C318F94AC400A493F0 /* play.png */ = {isa = PBXFileReference; lastKnownFileType = image.png; path = play.png; sourceTree = "<group>"; };
		83FCD1C418F94AC400A493F0 /* play@2x.png */ = {isa = PBXFileReference; lastKnownFileType = image.png; path = "play@2x.png"; sourceTree = "<group>"; };
		83FCD1C718F95CBC00A493F0 /* patrickCarney.png */ = {isa = PBXFileReference; lastKnownFileType = image.png; path = patrickCarney.png; sourceTree = "<group>"; };
		83FCD1CA18F9683D00A493F0 /* Loading_1.png */ = {isa = PBXFileReference; lastKnownFileType = image.png; path = Loading_1.png; sourceTree = "<group>"; };
		83FCD1CB18F9683D00A493F0 /* Loading_1@2x.png */ = {isa = PBXFileReference; lastKnownFileType = image.png; path = "Loading_1@2x.png"; sourceTree = "<group>"; };
		83FCD1CC18F9683D00A493F0 /* Loading_2.png */ = {isa = PBXFileReference; lastKnownFileType = image.png; path = Loading_2.png; sourceTree = "<group>"; };
		83FCD1CD18F9683D00A493F0 /* Loading_2@2x.png */ = {isa = PBXFileReference; lastKnownFileType = image.png; path = "Loading_2@2x.png"; sourceTree = "<group>"; };
		83FCD1CE18F9683D00A493F0 /* Loading_3.png */ = {isa = PBXFileReference; lastKnownFileType = image.png; path = Loading_3.png; sourceTree = "<group>"; };
		83FCD1CF18F9683D00A493F0 /* Loading_3@2x.png */ = {isa = PBXFileReference; lastKnownFileType = image.png; path = "Loading_3@2x.png"; sourceTree = "<group>"; };
		83FCD1D718F9741400A493F0 /* AFHTTPRequestOperation.h */ = {isa = PBXFileReference; fileEncoding = 4; lastKnownFileType = sourcecode.c.h; path = AFHTTPRequestOperation.h; sourceTree = "<group>"; };
		83FCD1D818F9741400A493F0 /* AFHTTPRequestOperation.m */ = {isa = PBXFileReference; fileEncoding = 4; lastKnownFileType = sourcecode.c.objc; path = AFHTTPRequestOperation.m; sourceTree = "<group>"; };
		83FCD1D918F9741400A493F0 /* AFHTTPRequestOperationManager.h */ = {isa = PBXFileReference; fileEncoding = 4; lastKnownFileType = sourcecode.c.h; path = AFHTTPRequestOperationManager.h; sourceTree = "<group>"; };
		83FCD1DA18F9741400A493F0 /* AFHTTPRequestOperationManager.m */ = {isa = PBXFileReference; fileEncoding = 4; lastKnownFileType = sourcecode.c.objc; path = AFHTTPRequestOperationManager.m; sourceTree = "<group>"; };
		83FCD1DB18F9741400A493F0 /* AFHTTPSessionManager.h */ = {isa = PBXFileReference; fileEncoding = 4; lastKnownFileType = sourcecode.c.h; path = AFHTTPSessionManager.h; sourceTree = "<group>"; };
		83FCD1DC18F9741400A493F0 /* AFHTTPSessionManager.m */ = {isa = PBXFileReference; fileEncoding = 4; lastKnownFileType = sourcecode.c.objc; path = AFHTTPSessionManager.m; sourceTree = "<group>"; };
		83FCD1DD18F9741400A493F0 /* AFNetworking.h */ = {isa = PBXFileReference; fileEncoding = 4; lastKnownFileType = sourcecode.c.h; path = AFNetworking.h; sourceTree = "<group>"; };
		83FCD1DE18F9741400A493F0 /* AFNetworkReachabilityManager.h */ = {isa = PBXFileReference; fileEncoding = 4; lastKnownFileType = sourcecode.c.h; path = AFNetworkReachabilityManager.h; sourceTree = "<group>"; };
		83FCD1DF18F9741400A493F0 /* AFNetworkReachabilityManager.m */ = {isa = PBXFileReference; fileEncoding = 4; lastKnownFileType = sourcecode.c.objc; path = AFNetworkReachabilityManager.m; sourceTree = "<group>"; };
		83FCD1E018F9741400A493F0 /* AFSecurityPolicy.h */ = {isa = PBXFileReference; fileEncoding = 4; lastKnownFileType = sourcecode.c.h; path = AFSecurityPolicy.h; sourceTree = "<group>"; };
		83FCD1E118F9741400A493F0 /* AFSecurityPolicy.m */ = {isa = PBXFileReference; fileEncoding = 4; lastKnownFileType = sourcecode.c.objc; path = AFSecurityPolicy.m; sourceTree = "<group>"; };
		83FCD1E218F9741400A493F0 /* AFURLConnectionOperation.h */ = {isa = PBXFileReference; fileEncoding = 4; lastKnownFileType = sourcecode.c.h; path = AFURLConnectionOperation.h; sourceTree = "<group>"; };
		83FCD1E318F9741400A493F0 /* AFURLConnectionOperation.m */ = {isa = PBXFileReference; fileEncoding = 4; lastKnownFileType = sourcecode.c.objc; path = AFURLConnectionOperation.m; sourceTree = "<group>"; };
		83FCD1E418F9741400A493F0 /* AFURLRequestSerialization.h */ = {isa = PBXFileReference; fileEncoding = 4; lastKnownFileType = sourcecode.c.h; path = AFURLRequestSerialization.h; sourceTree = "<group>"; };
		83FCD1E518F9741400A493F0 /* AFURLRequestSerialization.m */ = {isa = PBXFileReference; fileEncoding = 4; lastKnownFileType = sourcecode.c.objc; path = AFURLRequestSerialization.m; sourceTree = "<group>"; };
		83FCD1E618F9741400A493F0 /* AFURLResponseSerialization.h */ = {isa = PBXFileReference; fileEncoding = 4; lastKnownFileType = sourcecode.c.h; path = AFURLResponseSerialization.h; sourceTree = "<group>"; };
		83FCD1E718F9741400A493F0 /* AFURLResponseSerialization.m */ = {isa = PBXFileReference; fileEncoding = 4; lastKnownFileType = sourcecode.c.objc; path = AFURLResponseSerialization.m; sourceTree = "<group>"; };
		83FCD1E818F9741400A493F0 /* AFURLSessionManager.h */ = {isa = PBXFileReference; fileEncoding = 4; lastKnownFileType = sourcecode.c.h; path = AFURLSessionManager.h; sourceTree = "<group>"; };
		83FCD1E918F9741400A493F0 /* AFURLSessionManager.m */ = {isa = PBXFileReference; fileEncoding = 4; lastKnownFileType = sourcecode.c.objc; path = AFURLSessionManager.m; sourceTree = "<group>"; };
		83FE255819315D79009FC978 /* riffCellBack.png */ = {isa = PBXFileReference; lastKnownFileType = image.png; path = riffCellBack.png; sourceTree = "<group>"; };
		83FE255919315D79009FC978 /* riffCellBack@2x.png */ = {isa = PBXFileReference; lastKnownFileType = image.png; path = "riffCellBack@2x.png"; sourceTree = "<group>"; };
/* End PBXFileReference section */

/* Begin PBXFrameworksBuildPhase section */
		83FCD13518F907C400A493F0 /* Frameworks */ = {
			isa = PBXFrameworksBuildPhase;
			buildActionMask = 2147483647;
			files = (
				830BBCCA18FA0C2300A9C53F /* CoreLocation.framework in Frameworks */,
				83FCD13E18F907C400A493F0 /* CoreGraphics.framework in Frameworks */,
				83FCD14018F907C400A493F0 /* UIKit.framework in Frameworks */,
				83FCD13C18F907C400A493F0 /* Foundation.framework in Frameworks */,
			);
			runOnlyForDeploymentPostprocessing = 0;
		};
		83FCD15918F907C400A493F0 /* Frameworks */ = {
			isa = PBXFrameworksBuildPhase;
			buildActionMask = 2147483647;
			files = (
				83FCD15E18F907C400A493F0 /* XCTest.framework in Frameworks */,
				83FCD16018F907C400A493F0 /* UIKit.framework in Frameworks */,
				83FCD15F18F907C400A493F0 /* Foundation.framework in Frameworks */,
			);
			runOnlyForDeploymentPostprocessing = 0;
		};
/* End PBXFrameworksBuildPhase section */

/* Begin PBXGroup section */
		830185F119009C2B00093EFA /* Login */ = {
			isa = PBXGroup;
			children = (
				830185F219009C3A00093EFA /* RYLoginViewController.h */,
				830185F319009C3A00093EFA /* RYLoginViewController.m */,
			);
			path = Login;
			sourceTree = "<group>";
		};
		830BBCAC18F9F54900A9C53F /* SSKeychain */ = {
			isa = PBXGroup;
			children = (
				830BBCAD18F9F54900A9C53F /* SSKeychain.strings */,
				830BBCAF18F9F54900A9C53F /* SSKeychain.h */,
				830BBCB018F9F54900A9C53F /* SSKeychain.m */,
				830BBCB118F9F54900A9C53F /* SSKeychainQuery.h */,
				830BBCB218F9F54900A9C53F /* SSKeychainQuery.m */,
			);
			path = SSKeychain;
			sourceTree = "<group>";
		};
		830BBCB618FA055900A9C53F /* MBProgressHUD */ = {
			isa = PBXGroup;
			children = (
				830BBCB718FA055900A9C53F /* MBProgressHUD-Prefix.pch */,
				830BBCB818FA055900A9C53F /* MBProgressHUD.h */,
				830BBCB918FA055900A9C53F /* MBProgressHUD.m */,
			);
			path = MBProgressHUD;
			sourceTree = "<group>";
		};
		830BBCC518FA0A4500A9C53F /* Location */ = {
			isa = PBXGroup;
			children = (
				830BBCC618FA0A5800A9C53F /* RYLocationServices.h */,
				830BBCC718FA0A5800A9C53F /* RYLocationServices.m */,
			);
			path = Location;
			sourceTree = "<group>";
		};
		830BBCCF18FA142000A9C53F /* BlockAlert */ = {
			isa = PBXGroup;
			children = (
				830BBCD018FA142000A9C53F /* BlockAlertView.h */,
				830BBCD118FA142000A9C53F /* BlockAlertView.m */,
			);
			path = BlockAlert;
			sourceTree = "<group>";
		};
		830BBCE918FA786800A9C53F /* Cylindric */ = {
			isa = PBXGroup;
			children = (
				830BBCEA18FA786800A9C53F /* Cylindric_1.png */,
				830BBCEB18FA786800A9C53F /* Cylindric_1@2x.png */,
				830BBCEC18FA786800A9C53F /* Cylindric_2.png */,
				830BBCED18FA786800A9C53F /* Cylindric_2@2x.png */,
				830BBCEE18FA786800A9C53F /* Cylindric_3@2x.png */,
			);
			path = Cylindric;
			sourceTree = "<group>";
		};
		830BBD0418FA97F200A9C53F /* record */ = {
			isa = PBXGroup;
			children = (
				830BBCFC18FA97EA00A9C53F /* dot.png */,
				830BBCFD18FA97EA00A9C53F /* dot@2x.png */,
				830BBCFE18FA97EA00A9C53F /* mic.png */,
				830BBCFF18FA97EA00A9C53F /* mic@2x.png */,
			);
			path = record;
			sourceTree = "<group>";
		};
		83C6CA7618FAECD200412469 /* RiffEdit */ = {
			isa = PBXGroup;
			children = (
				83C6CA7718FAECE500412469 /* RYRiffEditViewController.h */,
				83C6CA7818FAECE500412469 /* RYRiffEditViewController.m */,
			);
			path = RiffEdit;
			sourceTree = "<group>";
		};
		83DBCA6B18F97A2A00262496 /* Custom */ = {
			isa = PBXGroup;
			children = (
				830BBCD318FA14F500A9C53F /* UIImage+Thumbnail.h */,
				830BBCD418FA14F500A9C53F /* UIImage+Thumbnail.m */,
				830BBCBD18FA06AD00A9C53F /* UIViewController+Extras.h */,
				830BBCBE18FA06AD00A9C53F /* UIViewController+Extras.m */,
				830BBCCF18FA142000A9C53F /* BlockAlert */,
				830BBCB618FA055900A9C53F /* MBProgressHUD */,
				83DBCA7518F9859000262496 /* RMDisplayLabel.h */,
				83DBCA7618F9859000262496 /* RMDisplayLabel.m */,
				83DBCA7218F9856800262496 /* RMDownloadIndicator.h */,
				83DBCA7318F9856800262496 /* RMDownloadIndicator.m */,
				83C6CA7A18FAF95C00412469 /* UIImage+Color.h */,
				83C6CA7B18FAF95C00412469 /* UIImage+Color.m */,
			);
			name = Custom;
			path = UI/Custom;
			sourceTree = "<group>";
		};
		83DBCA7818F99E2000262496 /* Base Classes */ = {
			isa = PBXGroup;
			children = (
				83DBCA7918F99E3F00262496 /* RYRiffStreamingCoreViewController.h */,
				83DBCA7A18F99E3F00262496 /* RYRiffStreamingCoreViewController.m */,
				830BBCE618FA589F00A9C53F /* RYCorePageViewController.h */,
				830BBCE718FA589F00A9C53F /* RYCorePageViewController.m */,
				830BBCE318FA57F200A9C53F /* RYCoreViewController.h */,
				830BBCE418FA57F200A9C53F /* RYCoreViewController.m */,
				83ED34D01931794C00FEB018 /* RYCoreNavigationController.h */,
				83ED34D11931794C00FEB018 /* RYCoreNavigationController.m */,
			);
			path = "Base Classes";
			sourceTree = "<group>";
		};
		83ED34D319317B8000FEB018 /* iPad */ = {
			isa = PBXGroup;
			children = (
			);
			name = iPad;
			sourceTree = "<group>";
		};
		83ED34D61931851600FEB018 /* Icon */ = {
			isa = PBXGroup;
			children = (
				83ED34D71931851600FEB018 /* App Icon [Squared] */,
			);
			path = Icon;
			sourceTree = "<group>";
		};
		83ED34D71931851600FEB018 /* App Icon [Squared] */ = {
			isa = PBXGroup;
			children = (
				83ED34D81931851600FEB018 /* AppIcon29x29.png */,
				83ED34D91931851600FEB018 /* AppIcon29x29@2x.png */,
				83ED34DA1931851600FEB018 /* AppIcon40x40.png */,
				83ED34DB1931851600FEB018 /* AppIcon40x40@2x.png */,
				83ED34DC1931851600FEB018 /* AppIcon50x50.png */,
				83ED34DD1931851600FEB018 /* AppIcon50x50@2x.png */,
				83ED34DE1931851600FEB018 /* AppIcon57x57.png */,
				83ED34DF1931851600FEB018 /* AppIcon57x57@2x.png */,
				83ED34E01931851600FEB018 /* AppIcon60x60.png */,
				83ED34E11931851600FEB018 /* AppIcon60x60@2x.png */,
				83ED34E21931851600FEB018 /* AppIcon72x72.png */,
				83ED34E31931851600FEB018 /* AppIcon72x72@2x.png */,
				83ED34E41931851600FEB018 /* AppIcon76x76.png */,
				83ED34E51931851600FEB018 /* AppIcon76x76@2x.png */,
				83ED34E61931851600FEB018 /* iTunesArtwork.png */,
				83ED34E71931851600FEB018 /* iTunesArtwork@2x.png */,
			);
			path = "App Icon [Squared]";
			sourceTree = "<group>";
		};
		83FCD12F18F907C400A493F0 = {
			isa = PBXGroup;
			children = (
				83FCD14118F907C400A493F0 /* Ryff */,
				83FCD16318F907C400A493F0 /* RyffTests */,
				83FCD13A18F907C400A493F0 /* Frameworks */,
				83FCD13918F907C400A493F0 /* Products */,
			);
			sourceTree = "<group>";
		};
		83FCD13918F907C400A493F0 /* Products */ = {
			isa = PBXGroup;
			children = (
				83FCD13818F907C400A493F0 /* Ryff.app */,
				83FCD15C18F907C400A493F0 /* RyffTests.xctest */,
			);
			name = Products;
			sourceTree = "<group>";
		};
		83FCD13A18F907C400A493F0 /* Frameworks */ = {
			isa = PBXGroup;
			children = (
				830BBCC918FA0C2300A9C53F /* CoreLocation.framework */,
				83FCD13B18F907C400A493F0 /* Foundation.framework */,
				83FCD13D18F907C400A493F0 /* CoreGraphics.framework */,
				83FCD13F18F907C400A493F0 /* UIKit.framework */,
				83FCD15D18F907C400A493F0 /* XCTest.framework */,
			);
			name = Frameworks;
			sourceTree = "<group>";
		};
		83FCD14118F907C400A493F0 /* Ryff */ = {
			isa = PBXGroup;
			children = (
				83ED34D319317B8000FEB018 /* iPad */,
				83DBCA7818F99E2000262496 /* Base Classes */,
				83DBCA6B18F97A2A00262496 /* Custom */,
				83FCD1D618F9741400A493F0 /* AFNetworking */,
				83FCD1A918F93E6C00A493F0 /* Images */,
				83FCD1A518F9393500A493F0 /* Style */,
				83FCD1A018F921AB00A493F0 /* Data */,
				83FCD14A18F907C400A493F0 /* RYAppDelegate.h */,
				83FCD14B18F907C400A493F0 /* RYAppDelegate.m */,
				83FCD14D18F907C400A493F0 /* Main.storyboard */,
				83FCD19018F915DE00A493F0 /* Suggester */,
				83FCD18C18F9142600A493F0 /* Newsfeed */,
				83FCD17318F909CB00A493F0 /* Profile */,
				83FCD18818F9132400A493F0 /* Band */,
				83FCD17E18F90F2A00A493F0 /* Search */,
				83FCD19C18F91FA000A493F0 /* Register */,
				83FCD15618F907C400A493F0 /* Images.xcassets */,
				83FCD14218F907C400A493F0 /* Supporting Files */,
				83FCD1B618F9405F00A493F0 /* RYCoreTabBarViewController.h */,
				83FCD1B718F9405F00A493F0 /* RYCoreTabBarViewController.m */,
			);
			path = Ryff;
			sourceTree = "<group>";
		};
		83FCD14218F907C400A493F0 /* Supporting Files */ = {
			isa = PBXGroup;
			children = (
				83FCD14318F907C400A493F0 /* Ryff-Info.plist */,
				83FCD14418F907C400A493F0 /* InfoPlist.strings */,
				83FCD14718F907C400A493F0 /* main.m */,
				83FCD14918F907C400A493F0 /* Ryff-Prefix.pch */,
			);
			name = "Supporting Files";
			sourceTree = "<group>";
		};
		83FCD16318F907C400A493F0 /* RyffTests */ = {
			isa = PBXGroup;
			children = (
				83FCD16918F907C400A493F0 /* RyffTests.m */,
				83FCD16418F907C400A493F0 /* Supporting Files */,
			);
			path = RyffTests;
			sourceTree = "<group>";
		};
		83FCD16418F907C400A493F0 /* Supporting Files */ = {
			isa = PBXGroup;
			children = (
				83FCD16518F907C400A493F0 /* RyffTests-Info.plist */,
				83FCD16618F907C400A493F0 /* InfoPlist.strings */,
			);
			name = "Supporting Files";
			sourceTree = "<group>";
		};
		83FCD17318F909CB00A493F0 /* Profile */ = {
			isa = PBXGroup;
			children = (
				83C6CA7618FAECD200412469 /* RiffEdit */,
				83FCD19B18F91A3F00A493F0 /* GroupCell */,
				83FCD17418F909DB00A493F0 /* RYProfileViewController.h */,
				83FCD17518F909DB00A493F0 /* RYProfileViewController.m */,
				83FCD18518F9119B00A493F0 /* RYBandsCollectionViewCell.h */,
				83FCD18618F9119B00A493F0 /* RYBandsCollectionViewCell.m */,
			);
			name = Profile;
			path = UI/Profile;
			sourceTree = "<group>";
		};
		83FCD17718F90BE700A493F0 /* RiffCell */ = {
			isa = PBXGroup;
			children = (
				83FCD17818F90C1500A493F0 /* RYRiffTrackTableViewCell.h */,
				83FCD17918F90C1500A493F0 /* RYRiffTrackTableViewCell.m */,
				83ED34D419317D0F00FEB018 /* RYRiffTrackTableViewCell.xib */,
				83ED34C71931639800FEB018 /* RYRiffCellBodyTableViewCell.h */,
				83ED34C81931639800FEB018 /* RYRiffCellBodyTableViewCell.m */,
				83ED34CA193163C900FEB018 /* RYRiffCellBodyTableViewCell.xib */,
			);
			name = RiffCell;
			path = ../UI/Profile/RiffCell;
			sourceTree = "<group>";
		};
		83FCD17E18F90F2A00A493F0 /* Search */ = {
			isa = PBXGroup;
			children = (
				83FCD17F18F90F8F00A493F0 /* RYSearchPageViewController.h */,
				83FCD18018F90F8F00A493F0 /* RYSearchPageViewController.m */,
			);
			name = Search;
			path = Ryff/UI/Search;
			sourceTree = SOURCE_ROOT;
		};
		83FCD18818F9132400A493F0 /* Band */ = {
			isa = PBXGroup;
			children = (
				83FCD18918F9134B00A493F0 /* RYBandViewController.h */,
				83FCD18A18F9134B00A493F0 /* RYBandViewController.m */,
			);
			name = Band;
			path = Ryff/UI/Band;
			sourceTree = SOURCE_ROOT;
		};
		83FCD18C18F9142600A493F0 /* Newsfeed */ = {
			isa = PBXGroup;
			children = (
				83FCD17718F90BE700A493F0 /* RiffCell */,
				83FCD18D18F9144100A493F0 /* RYNewsfeedTableViewController.h */,
				83FCD18E18F9144100A493F0 /* RYNewsfeedTableViewController.m */,
				83FCD1B918F9413400A493F0 /* RYNewsfeedPost.h */,
				83FCD1BA18F9413400A493F0 /* RYNewsfeedPost.m */,
			);
			path = Newsfeed;
			sourceTree = "<group>";
		};
		83FCD19018F915DE00A493F0 /* Suggester */ = {
			isa = PBXGroup;
			children = (
				83FCD19718F9178B00A493F0 /* Artist */,
				83FCD19118F9166000A493F0 /* RYArtistSuggestPageViewController.h */,
				83FCD19218F9166000A493F0 /* RYArtistSuggestPageViewController.m */,
			);
			path = Suggester;
			sourceTree = "<group>";
		};
		83FCD19718F9178B00A493F0 /* Artist */ = {
			isa = PBXGroup;
			children = (
				83FCD19418F9170700A493F0 /* RYArtistViewController.h */,
				83FCD19518F9170700A493F0 /* RYArtistViewController.m */,
			);
			path = Artist;
			sourceTree = "<group>";
		};
		83FCD19B18F91A3F00A493F0 /* GroupCell */ = {
			isa = PBXGroup;
			children = (
				83FCD19818F91A1F00A493F0 /* RYGroupTableViewCell.h */,
				83FCD19918F91A1F00A493F0 /* RYGroupTableViewCell.m */,
			);
			path = GroupCell;
			sourceTree = "<group>";
		};
		83FCD19C18F91FA000A493F0 /* Register */ = {
			isa = PBXGroup;
			children = (
				830185F119009C2B00093EFA /* Login */,
				830BBCCB18FA0FC500A9C53F /* RYRegisterViewController.h */,
				830BBCCC18FA0FC500A9C53F /* RYRegisterViewController.m */,
				830185F51900A24700093EFA /* RYRootRegistrationViewController.h */,
				830185F61900A24700093EFA /* RYRootRegistrationViewController.m */,
			);
			path = Register;
			sourceTree = "<group>";
		};
		83FCD1A018F921AB00A493F0 /* Data */ = {
			isa = PBXGroup;
			children = (
				830BBCC518FA0A4500A9C53F /* Location */,
				830BBCAC18F9F54900A9C53F /* SSKeychain */,
				83FCD1A118F921EA00A493F0 /* RYServices.h */,
				83FCD1A218F921EA00A493F0 /* RYServices.m */,
				83FCD1BD18F9425400A493F0 /* RYUser.h */,
				83FCD1BE18F9425400A493F0 /* RYUser.m */,
				83FCD1C018F943AE00A493F0 /* RYRiff.h */,
				83FCD1C118F943AE00A493F0 /* RYRiff.m */,
			);
			path = Data;
			sourceTree = "<group>";
		};
		83FCD1A518F9393500A493F0 /* Style */ = {
			isa = PBXGroup;
			children = (
				83ED34CC19316E5D00FEB018 /* Lato-Lig.ttf */,
				83ED34CD19316E5D00FEB018 /* Lato-RegIta.ttf */,
				83FA50B51931524E00F1F3A7 /* Lato-Bol.ttf */,
				83FA50B61931524E00F1F3A7 /* Lato-Reg.ttf */,
				83FCD1A618F9393F00A493F0 /* RYStyleSheet.h */,
				83FCD1A718F9393F00A493F0 /* RYStyleSheet.m */,
				830185FC1900AEB300093EFA /* UIColor+Hex.h */,
				830185FD1900AEB300093EFA /* UIColor+Hex.m */,
			);
			path = Style;
			sourceTree = "<group>";
		};
		83FCD1A918F93E6C00A493F0 /* Images */ = {
			isa = PBXGroup;
			children = (
				83ED34D61931851600FEB018 /* Icon */,
				83FE255819315D79009FC978 /* riffCellBack.png */,
				83FE255919315D79009FC978 /* riffCellBack@2x.png */,
				83BC52C5193159260085FADF /* cellBody.png */,
				83BC52C6193159260085FADF /* cellBody@2x.png */,
				830185FF1900B1CD00093EFA /* tabBar.png */,
				830186001900B1CD00093EFA /* tabBar@2x.png */,
				830185F81900ADB000093EFA /* ryff.png */,
				830185F91900ADB000093EFA /* ryff@2x.png */,
				83C6CA7D18FAFF5200412469 /* back.png */,
				83C6CA7E18FAFF5200412469 /* back@2x.png */,
				83C6CA7F18FAFF5200412469 /* cloud.png */,
				83C6CA8018FAFF5200412469 /* cloud@2x.png */,
				83C6CA8118FAFF5200412469 /* reset.png */,
				83C6CA8218FAFF5200412469 /* reset@2x.png */,
				830BBD0518FAA95700A9C53F /* plus.png */,
				830BBD0618FAA95700A9C53F /* plus@2x.png */,
				830BBD0718FAA95700A9C53F /* share.png */,
				830BBD0818FAA95700A9C53F /* share@2x.png */,
				830BBD0418FA97F200A9C53F /* record */,
				830BBCDB18FA401700A9C53F /* friend.png */,
				830BBCDC18FA401700A9C53F /* friend@2x.png */,
				830BBCDD18FA401700A9C53F /* next.png */,
				830BBCDE18FA401700A9C53F /* next@2x.png */,
				830BBCD718FA196300A9C53F /* userBig.png */,
				830BBCD818FA196300A9C53F /* userBig@2x.png */,
				83FCD1C918F9683D00A493F0 /* Loading */,
				83FCD1C718F95CBC00A493F0 /* patrickCarney.png */,
				83FCD1C318F94AC400A493F0 /* play.png */,
				83FCD1C418F94AC400A493F0 /* play@2x.png */,
				83FCD1B218F93FBF00A493F0 /* newsfeed.png */,
				83FCD1B318F93FBF00A493F0 /* newsfeed@2x.png */,
				83FCD1AC18F93F5500A493F0 /* artists.png */,
				83FCD1AD18F93F5500A493F0 /* artists@2x.png */,
				83FCD1AE18F93F5500A493F0 /* user@2x.png */,
				83FCD1AA18F93E6C00A493F0 /* user.png */,
				830BBCC118FA081600A9C53F /* checkmark.png */,
				830BBCC218FA081600A9C53F /* checkmark@2x.png */,
			);
			path = Images;
			sourceTree = "<group>";
		};
		83FCD1C918F9683D00A493F0 /* Loading */ = {
			isa = PBXGroup;
			children = (
				830BBCE918FA786800A9C53F /* Cylindric */,
				83FCD1CA18F9683D00A493F0 /* Loading_1.png */,
				83FCD1CB18F9683D00A493F0 /* Loading_1@2x.png */,
				83FCD1CC18F9683D00A493F0 /* Loading_2.png */,
				83FCD1CD18F9683D00A493F0 /* Loading_2@2x.png */,
				83FCD1CE18F9683D00A493F0 /* Loading_3.png */,
				83FCD1CF18F9683D00A493F0 /* Loading_3@2x.png */,
			);
			path = Loading;
			sourceTree = "<group>";
		};
		83FCD1D618F9741400A493F0 /* AFNetworking */ = {
			isa = PBXGroup;
			children = (
				83FCD1D718F9741400A493F0 /* AFHTTPRequestOperation.h */,
				83FCD1D818F9741400A493F0 /* AFHTTPRequestOperation.m */,
				83FCD1D918F9741400A493F0 /* AFHTTPRequestOperationManager.h */,
				83FCD1DA18F9741400A493F0 /* AFHTTPRequestOperationManager.m */,
				83FCD1DB18F9741400A493F0 /* AFHTTPSessionManager.h */,
				83FCD1DC18F9741400A493F0 /* AFHTTPSessionManager.m */,
				83FCD1DD18F9741400A493F0 /* AFNetworking.h */,
				83FCD1DE18F9741400A493F0 /* AFNetworkReachabilityManager.h */,
				83FCD1DF18F9741400A493F0 /* AFNetworkReachabilityManager.m */,
				83FCD1E018F9741400A493F0 /* AFSecurityPolicy.h */,
				83FCD1E118F9741400A493F0 /* AFSecurityPolicy.m */,
				83FCD1E218F9741400A493F0 /* AFURLConnectionOperation.h */,
				83FCD1E318F9741400A493F0 /* AFURLConnectionOperation.m */,
				83FCD1E418F9741400A493F0 /* AFURLRequestSerialization.h */,
				83FCD1E518F9741400A493F0 /* AFURLRequestSerialization.m */,
				83FCD1E618F9741400A493F0 /* AFURLResponseSerialization.h */,
				83FCD1E718F9741400A493F0 /* AFURLResponseSerialization.m */,
				83FCD1E818F9741400A493F0 /* AFURLSessionManager.h */,
				83FCD1E918F9741400A493F0 /* AFURLSessionManager.m */,
			);
			path = AFNetworking;
			sourceTree = "<group>";
		};
/* End PBXGroup section */

/* Begin PBXNativeTarget section */
		83FCD13718F907C400A493F0 /* Ryff */ = {
			isa = PBXNativeTarget;
			buildConfigurationList = 83FCD16D18F907C400A493F0 /* Build configuration list for PBXNativeTarget "Ryff" */;
			buildPhases = (
				83FCD13418F907C400A493F0 /* Sources */,
				83FCD13518F907C400A493F0 /* Frameworks */,
				83FCD13618F907C400A493F0 /* Resources */,
			);
			buildRules = (
			);
			dependencies = (
			);
			name = Ryff;
			productName = Ryff;
			productReference = 83FCD13818F907C400A493F0 /* Ryff.app */;
			productType = "com.apple.product-type.application";
		};
		83FCD15B18F907C400A493F0 /* RyffTests */ = {
			isa = PBXNativeTarget;
			buildConfigurationList = 83FCD17018F907C400A493F0 /* Build configuration list for PBXNativeTarget "RyffTests" */;
			buildPhases = (
				83FCD15818F907C400A493F0 /* Sources */,
				83FCD15918F907C400A493F0 /* Frameworks */,
				83FCD15A18F907C400A493F0 /* Resources */,
			);
			buildRules = (
			);
			dependencies = (
				83FCD16218F907C400A493F0 /* PBXTargetDependency */,
			);
			name = RyffTests;
			productName = RyffTests;
			productReference = 83FCD15C18F907C400A493F0 /* RyffTests.xctest */;
			productType = "com.apple.product-type.bundle.unit-test";
		};
/* End PBXNativeTarget section */

/* Begin PBXProject section */
		83FCD13018F907C400A493F0 /* Project object */ = {
			isa = PBXProject;
			attributes = {
				CLASSPREFIX = RY;
				LastUpgradeCheck = 0510;
				ORGANIZATIONNAME = "Chris Laganiere";
				TargetAttributes = {
					83FCD15B18F907C400A493F0 = {
						TestTargetID = 83FCD13718F907C400A493F0;
					};
				};
			};
			buildConfigurationList = 83FCD13318F907C400A493F0 /* Build configuration list for PBXProject "Ryff" */;
			compatibilityVersion = "Xcode 3.2";
			developmentRegion = English;
			hasScannedForEncodings = 0;
			knownRegions = (
				en,
				Base,
			);
			mainGroup = 83FCD12F18F907C400A493F0;
			productRefGroup = 83FCD13918F907C400A493F0 /* Products */;
			projectDirPath = "";
			projectRoot = "";
			targets = (
				83FCD13718F907C400A493F0 /* Ryff */,
				83FCD15B18F907C400A493F0 /* RyffTests */,
			);
		};
/* End PBXProject section */

/* Begin PBXResourcesBuildPhase section */
		83FCD13618F907C400A493F0 /* Resources */ = {
			isa = PBXResourcesBuildPhase;
			buildActionMask = 2147483647;
			files = (
				83ED34E91931851600FEB018 /* AppIcon29x29@2x.png in Resources */,
				830186021900B1CD00093EFA /* tabBar@2x.png in Resources */,
				830BBCE018FA401700A9C53F /* friend@2x.png in Resources */,
				83C6CA8718FAFF5200412469 /* reset.png in Resources */,
				830186011900B1CD00093EFA /* tabBar.png in Resources */,
				83FCD1B418F93FBF00A493F0 /* newsfeed.png in Resources */,
				830BBCF318FA786800A9C53F /* Cylindric_3@2x.png in Resources */,
				83FCD1D118F9683D00A493F0 /* Loading_1@2x.png in Resources */,
				83ED34ED1931851600FEB018 /* AppIcon50x50@2x.png in Resources */,
				830BBD0318FA97EA00A9C53F /* mic@2x.png in Resources */,
				83ED34F11931851600FEB018 /* AppIcon60x60@2x.png in Resources */,
				83FCD1C518F94AC400A493F0 /* play.png in Resources */,
				83BC52C7193159260085FADF /* cellBody.png in Resources */,
				830BBCB318F9F54900A9C53F /* SSKeychain.strings in Resources */,
				83ED34F21931851600FEB018 /* AppIcon72x72.png in Resources */,
				830BBCC318FA081600A9C53F /* checkmark.png in Resources */,
				83FCD15718F907C400A493F0 /* Images.xcassets in Resources */,
				83ED34D519317D0F00FEB018 /* RYRiffTrackTableViewCell.xib in Resources */,
				83FE255B19315D79009FC978 /* riffCellBack@2x.png in Resources */,
				830BBCF218FA786800A9C53F /* Cylindric_2@2x.png in Resources */,
				83FCD14618F907C400A493F0 /* InfoPlist.strings in Resources */,
				83FA50B71931524E00F1F3A7 /* Lato-Bol.ttf in Resources */,
				830BBD0118FA97EA00A9C53F /* dot@2x.png in Resources */,
				830BBD0A18FAA95700A9C53F /* plus@2x.png in Resources */,
				83FCD1AF18F93F5500A493F0 /* artists.png in Resources */,
				83FCD1D418F9683D00A493F0 /* Loading_3.png in Resources */,
				83ED34F51931851600FEB018 /* AppIcon76x76@2x.png in Resources */,
				83C6CA8818FAFF5200412469 /* reset@2x.png in Resources */,
				83C6CA8318FAFF5200412469 /* back.png in Resources */,
				83ED34EC1931851600FEB018 /* AppIcon50x50.png in Resources */,
				83C6CA8618FAFF5200412469 /* cloud@2x.png in Resources */,
				83ED34EB1931851600FEB018 /* AppIcon40x40@2x.png in Resources */,
				83FCD1B518F93FBF00A493F0 /* newsfeed@2x.png in Resources */,
				83C6CA8418FAFF5200412469 /* back@2x.png in Resources */,
				83FCD1AB18F93E6C00A493F0 /* user.png in Resources */,
				830BBCE118FA401700A9C53F /* next.png in Resources */,
				83FE255A19315D79009FC978 /* riffCellBack.png in Resources */,
				83FCD1B118F93F5500A493F0 /* user@2x.png in Resources */,
				830BBCDA18FA196300A9C53F /* userBig@2x.png in Resources */,
				830BBD0C18FAA95700A9C53F /* share@2x.png in Resources */,
				83FCD1C818F95CBC00A493F0 /* patrickCarney.png in Resources */,
				830BBCD918FA196300A9C53F /* userBig.png in Resources */,
				83FCD1D518F9683D00A493F0 /* Loading_3@2x.png in Resources */,
				830BBCC418FA081600A9C53F /* checkmark@2x.png in Resources */,
				83ED34CF19316E5D00FEB018 /* Lato-RegIta.ttf in Resources */,
				83ED34EF1931851600FEB018 /* AppIcon57x57@2x.png in Resources */,
				830185FA1900ADB000093EFA /* ryff.png in Resources */,
				830185FB1900ADB000093EFA /* ryff@2x.png in Resources */,
				83ED34F61931851600FEB018 /* iTunesArtwork.png in Resources */,
				83FCD1C618F94AC400A493F0 /* play@2x.png in Resources */,
				830BBD0B18FAA95700A9C53F /* share.png in Resources */,
				83ED34F71931851600FEB018 /* iTunesArtwork@2x.png in Resources */,
				83FCD14F18F907C400A493F0 /* Main.storyboard in Resources */,
				83FCD1D318F9683D00A493F0 /* Loading_2@2x.png in Resources */,
				830BBD0018FA97EA00A9C53F /* dot.png in Resources */,
				83FA50B81931524E00F1F3A7 /* Lato-Reg.ttf in Resources */,
				830BBD0218FA97EA00A9C53F /* mic.png in Resources */,
				830BBCF018FA786800A9C53F /* Cylindric_1@2x.png in Resources */,
				83FCD1D018F9683D00A493F0 /* Loading_1.png in Resources */,
				83ED34E81931851600FEB018 /* AppIcon29x29.png in Resources */,
				830BBCEF18FA786800A9C53F /* Cylindric_1.png in Resources */,
				830BBCE218FA401700A9C53F /* next@2x.png in Resources */,
				830BBCF118FA786800A9C53F /* Cylindric_2.png in Resources */,
				83ED34F01931851600FEB018 /* AppIcon60x60.png in Resources */,
				83BC52C8193159260085FADF /* cellBody@2x.png in Resources */,
				83ED34EA1931851600FEB018 /* AppIcon40x40.png in Resources */,
				830BBCDF18FA401700A9C53F /* friend.png in Resources */,
				83FCD1D218F9683D00A493F0 /* Loading_2.png in Resources */,
				830BBD0918FAA95700A9C53F /* plus.png in Resources */,
				83ED34CE19316E5D00FEB018 /* Lato-Lig.ttf in Resources */,
				83ED34EE1931851600FEB018 /* AppIcon57x57.png in Resources */,
				83ED34F41931851600FEB018 /* AppIcon76x76.png in Resources */,
				83ED34F31931851600FEB018 /* AppIcon72x72@2x.png in Resources */,
				83ED34CB193163C900FEB018 /* RYRiffCellBodyTableViewCell.xib in Resources */,
				83FCD1B018F93F5500A493F0 /* artists@2x.png in Resources */,
				83C6CA8518FAFF5200412469 /* cloud.png in Resources */,
			);
			runOnlyForDeploymentPostprocessing = 0;
		};
		83FCD15A18F907C400A493F0 /* Resources */ = {
			isa = PBXResourcesBuildPhase;
			buildActionMask = 2147483647;
			files = (
				83FCD16818F907C400A493F0 /* InfoPlist.strings in Resources */,
			);
			runOnlyForDeploymentPostprocessing = 0;
		};
/* End PBXResourcesBuildPhase section */

/* Begin PBXSourcesBuildPhase section */
		83FCD13418F907C400A493F0 /* Sources */ = {
			isa = PBXSourcesBuildPhase;
			buildActionMask = 2147483647;
			files = (
				83FCD18718F9119B00A493F0 /* RYBandsCollectionViewCell.m in Sources */,
				83ED34D21931794C00FEB018 /* RYCoreNavigationController.m in Sources */,
				83FCD18F18F9144100A493F0 /* RYNewsfeedTableViewController.m in Sources */,
				83FCD1EE18F9741400A493F0 /* AFSecurityPolicy.m in Sources */,
				830185F419009C3A00093EFA /* RYLoginViewController.m in Sources */,
				83FCD1EB18F9741400A493F0 /* AFHTTPRequestOperationManager.m in Sources */,
				83C6CA7918FAECE500412469 /* RYRiffEditViewController.m in Sources */,
				830BBCCD18FA0FC500A9C53F /* RYRegisterViewController.m in Sources */,
				830BBCBA18FA055900A9C53F /* MBProgressHUD.m in Sources */,
				83FCD1EA18F9741400A493F0 /* AFHTTPRequestOperation.m in Sources */,
				83FCD19318F9166000A493F0 /* RYArtistSuggestPageViewController.m in Sources */,
				830BBCB418F9F54900A9C53F /* SSKeychain.m in Sources */,
				83FCD18118F90F8F00A493F0 /* RYSearchPageViewController.m in Sources */,
				83FCD1C218F943AE00A493F0 /* RYRiff.m in Sources */,
				83FCD19A18F91A1F00A493F0 /* RYGroupTableViewCell.m in Sources */,
				83FCD1A818F9393F00A493F0 /* RYStyleSheet.m in Sources */,
				830BBCBF18FA06AD00A9C53F /* UIViewController+Extras.m in Sources */,
				830BBCE518FA57F200A9C53F /* RYCoreViewController.m in Sources */,
				83C6CA7C18FAF95C00412469 /* UIImage+Color.m in Sources */,
				83FCD1B818F9405F00A493F0 /* RYCoreTabBarViewController.m in Sources */,
				83FCD14818F907C400A493F0 /* main.m in Sources */,
				83FCD1EC18F9741400A493F0 /* AFHTTPSessionManager.m in Sources */,
				83FCD17618F909DB00A493F0 /* RYProfileViewController.m in Sources */,
				83FCD14C18F907C400A493F0 /* RYAppDelegate.m in Sources */,
				830BBCE818FA589F00A9C53F /* RYCorePageViewController.m in Sources */,
				830BBCD518FA14F500A9C53F /* UIImage+Thumbnail.m in Sources */,
				83DBCA7B18F99E3F00262496 /* RYRiffStreamingCoreViewController.m in Sources */,
				83DBCA7418F9856800262496 /* RMDownloadIndicator.m in Sources */,
				83FCD1EF18F9741400A493F0 /* AFURLConnectionOperation.m in Sources */,
				830BBCB518F9F54900A9C53F /* SSKeychainQuery.m in Sources */,
				83FCD1F018F9741400A493F0 /* AFURLRequestSerialization.m in Sources */,
				83DBCA7718F9859000262496 /* RMDisplayLabel.m in Sources */,
				83FCD1F218F9741400A493F0 /* AFURLSessionManager.m in Sources */,
				83ED34C91931639800FEB018 /* RYRiffCellBodyTableViewCell.m in Sources */,
				83FCD1F118F9741400A493F0 /* AFURLResponseSerialization.m in Sources */,
				83FCD19618F9170700A493F0 /* RYArtistViewController.m in Sources */,
				83FCD18B18F9134B00A493F0 /* RYBandViewController.m in Sources */,
				830BBCC818FA0A5800A9C53F /* RYLocationServices.m in Sources */,
				83FCD1BB18F9413400A493F0 /* RYNewsfeedPost.m in Sources */,
				830185F71900A24700093EFA /* RYRootRegistrationViewController.m in Sources */,
				83FCD17A18F90C1500A493F0 /* RYRiffTrackTableViewCell.m in Sources */,
				83FCD1BF18F9425400A493F0 /* RYUser.m in Sources */,
				830BBCD218FA142000A9C53F /* BlockAlertView.m in Sources */,
				830185FE1900AEB300093EFA /* UIColor+Hex.m in Sources */,
				83FCD1ED18F9741400A493F0 /* AFNetworkReachabilityManager.m in Sources */,
				83FCD1A318F921EA00A493F0 /* RYServices.m in Sources */,
			);
			runOnlyForDeploymentPostprocessing = 0;
		};
		83FCD15818F907C400A493F0 /* Sources */ = {
			isa = PBXSourcesBuildPhase;
			buildActionMask = 2147483647;
			files = (
				83FCD16A18F907C400A493F0 /* RyffTests.m in Sources */,
			);
			runOnlyForDeploymentPostprocessing = 0;
		};
/* End PBXSourcesBuildPhase section */

/* Begin PBXTargetDependency section */
		83FCD16218F907C400A493F0 /* PBXTargetDependency */ = {
			isa = PBXTargetDependency;
			target = 83FCD13718F907C400A493F0 /* Ryff */;
			targetProxy = 83FCD16118F907C400A493F0 /* PBXContainerItemProxy */;
		};
/* End PBXTargetDependency section */

/* Begin PBXVariantGroup section */
		830BBCAD18F9F54900A9C53F /* SSKeychain.strings */ = {
			isa = PBXVariantGroup;
			children = (
				830BBCAE18F9F54900A9C53F /* en */,
			);
			name = SSKeychain.strings;
			sourceTree = "<group>";
		};
		83FCD14418F907C400A493F0 /* InfoPlist.strings */ = {
			isa = PBXVariantGroup;
			children = (
				83FCD14518F907C400A493F0 /* en */,
			);
			name = InfoPlist.strings;
			sourceTree = "<group>";
		};
		83FCD14D18F907C400A493F0 /* Main.storyboard */ = {
			isa = PBXVariantGroup;
			children = (
				83FCD14E18F907C400A493F0 /* Base */,
			);
			name = Main.storyboard;
			sourceTree = "<group>";
		};
		83FCD16618F907C400A493F0 /* InfoPlist.strings */ = {
			isa = PBXVariantGroup;
			children = (
				83FCD16718F907C400A493F0 /* en */,
			);
			name = InfoPlist.strings;
			sourceTree = "<group>";
		};
/* End PBXVariantGroup section */

/* Begin XCBuildConfiguration section */
		83FCD16B18F907C400A493F0 /* Debug */ = {
			isa = XCBuildConfiguration;
			buildSettings = {
				ALWAYS_SEARCH_USER_PATHS = NO;
				CLANG_CXX_LANGUAGE_STANDARD = "gnu++0x";
				CLANG_CXX_LIBRARY = "libc++";
				CLANG_ENABLE_MODULES = YES;
				CLANG_ENABLE_OBJC_ARC = YES;
				CLANG_WARN_BOOL_CONVERSION = YES;
				CLANG_WARN_CONSTANT_CONVERSION = YES;
				CLANG_WARN_DIRECT_OBJC_ISA_USAGE = YES_ERROR;
				CLANG_WARN_EMPTY_BODY = YES;
				CLANG_WARN_ENUM_CONVERSION = YES;
				CLANG_WARN_INT_CONVERSION = YES;
				CLANG_WARN_OBJC_ROOT_CLASS = YES_ERROR;
				CLANG_WARN__DUPLICATE_METHOD_MATCH = YES;
				"CODE_SIGN_IDENTITY[sdk=iphoneos*]" = "iPhone Developer";
				COPY_PHASE_STRIP = NO;
				GCC_C_LANGUAGE_STANDARD = gnu99;
				GCC_DYNAMIC_NO_PIC = NO;
				GCC_OPTIMIZATION_LEVEL = 0;
				GCC_PREPROCESSOR_DEFINITIONS = (
					"DEBUG=1",
					"$(inherited)",
				);
				GCC_SYMBOLS_PRIVATE_EXTERN = NO;
				GCC_WARN_64_TO_32_BIT_CONVERSION = YES;
				GCC_WARN_ABOUT_RETURN_TYPE = YES_ERROR;
				GCC_WARN_UNDECLARED_SELECTOR = YES;
				GCC_WARN_UNINITIALIZED_AUTOS = YES_AGGRESSIVE;
				GCC_WARN_UNUSED_FUNCTION = YES;
				GCC_WARN_UNUSED_VARIABLE = YES;
				IPHONEOS_DEPLOYMENT_TARGET = 7.1;
				ONLY_ACTIVE_ARCH = YES;
				SDKROOT = iphoneos;
			};
			name = Debug;
		};
		83FCD16C18F907C400A493F0 /* Release */ = {
			isa = XCBuildConfiguration;
			buildSettings = {
				ALWAYS_SEARCH_USER_PATHS = NO;
				CLANG_CXX_LANGUAGE_STANDARD = "gnu++0x";
				CLANG_CXX_LIBRARY = "libc++";
				CLANG_ENABLE_MODULES = YES;
				CLANG_ENABLE_OBJC_ARC = YES;
				CLANG_WARN_BOOL_CONVERSION = YES;
				CLANG_WARN_CONSTANT_CONVERSION = YES;
				CLANG_WARN_DIRECT_OBJC_ISA_USAGE = YES_ERROR;
				CLANG_WARN_EMPTY_BODY = YES;
				CLANG_WARN_ENUM_CONVERSION = YES;
				CLANG_WARN_INT_CONVERSION = YES;
				CLANG_WARN_OBJC_ROOT_CLASS = YES_ERROR;
				CLANG_WARN__DUPLICATE_METHOD_MATCH = YES;
				"CODE_SIGN_IDENTITY[sdk=iphoneos*]" = "iPhone Developer";
				COPY_PHASE_STRIP = YES;
				ENABLE_NS_ASSERTIONS = NO;
				GCC_C_LANGUAGE_STANDARD = gnu99;
				GCC_WARN_64_TO_32_BIT_CONVERSION = YES;
				GCC_WARN_ABOUT_RETURN_TYPE = YES_ERROR;
				GCC_WARN_UNDECLARED_SELECTOR = YES;
				GCC_WARN_UNINITIALIZED_AUTOS = YES_AGGRESSIVE;
				GCC_WARN_UNUSED_FUNCTION = YES;
				GCC_WARN_UNUSED_VARIABLE = YES;
				IPHONEOS_DEPLOYMENT_TARGET = 7.1;
				SDKROOT = iphoneos;
				VALIDATE_PRODUCT = YES;
			};
			name = Release;
		};
		83FCD16E18F907C400A493F0 /* Debug */ = {
			isa = XCBuildConfiguration;
			buildSettings = {
				ASSETCATALOG_COMPILER_APPICON_NAME = "Ryff Icon";
				ASSETCATALOG_COMPILER_LAUNCHIMAGE_NAME = LaunchImage;
				GCC_PRECOMPILE_PREFIX_HEADER = YES;
				GCC_PREFIX_HEADER = "Ryff/Ryff-Prefix.pch";
				INFOPLIST_FILE = "Ryff/Ryff-Info.plist";
				IPHONEOS_DEPLOYMENT_TARGET = 7.1;
				PRODUCT_NAME = "$(TARGET_NAME)";
				TARGETED_DEVICE_FAMILY = "1,2";
				WRAPPER_EXTENSION = app;
			};
			name = Debug;
		};
		83FCD16F18F907C400A493F0 /* Release */ = {
			isa = XCBuildConfiguration;
			buildSettings = {
				ASSETCATALOG_COMPILER_APPICON_NAME = "Ryff Icon";
				ASSETCATALOG_COMPILER_LAUNCHIMAGE_NAME = LaunchImage;
				GCC_PRECOMPILE_PREFIX_HEADER = YES;
				GCC_PREFIX_HEADER = "Ryff/Ryff-Prefix.pch";
				INFOPLIST_FILE = "Ryff/Ryff-Info.plist";
				IPHONEOS_DEPLOYMENT_TARGET = 7.1;
				PRODUCT_NAME = "$(TARGET_NAME)";
				TARGETED_DEVICE_FAMILY = "1,2";
				WRAPPER_EXTENSION = app;
			};
			name = Release;
		};
		83FCD17118F907C400A493F0 /* Debug */ = {
			isa = XCBuildConfiguration;
			buildSettings = {
				BUNDLE_LOADER = "$(BUILT_PRODUCTS_DIR)/Ryff.app/Ryff";
				FRAMEWORK_SEARCH_PATHS = (
					"$(SDKROOT)/Developer/Library/Frameworks",
					"$(inherited)",
					"$(DEVELOPER_FRAMEWORKS_DIR)",
				);
				GCC_PRECOMPILE_PREFIX_HEADER = YES;
				GCC_PREFIX_HEADER = "Ryff/Ryff-Prefix.pch";
				GCC_PREPROCESSOR_DEFINITIONS = (
					"DEBUG=1",
					"$(inherited)",
				);
				INFOPLIST_FILE = "RyffTests/RyffTests-Info.plist";
				PRODUCT_NAME = "$(TARGET_NAME)";
				TEST_HOST = "$(BUNDLE_LOADER)";
				WRAPPER_EXTENSION = xctest;
			};
			name = Debug;
		};
		83FCD17218F907C400A493F0 /* Release */ = {
			isa = XCBuildConfiguration;
			buildSettings = {
				BUNDLE_LOADER = "$(BUILT_PRODUCTS_DIR)/Ryff.app/Ryff";
				FRAMEWORK_SEARCH_PATHS = (
					"$(SDKROOT)/Developer/Library/Frameworks",
					"$(inherited)",
					"$(DEVELOPER_FRAMEWORKS_DIR)",
				);
				GCC_PRECOMPILE_PREFIX_HEADER = YES;
				GCC_PREFIX_HEADER = "Ryff/Ryff-Prefix.pch";
				INFOPLIST_FILE = "RyffTests/RyffTests-Info.plist";
				PRODUCT_NAME = "$(TARGET_NAME)";
				TEST_HOST = "$(BUNDLE_LOADER)";
				WRAPPER_EXTENSION = xctest;
			};
			name = Release;
		};
/* End XCBuildConfiguration section */

/* Begin XCConfigurationList section */
		83FCD13318F907C400A493F0 /* Build configuration list for PBXProject "Ryff" */ = {
			isa = XCConfigurationList;
			buildConfigurations = (
				83FCD16B18F907C400A493F0 /* Debug */,
				83FCD16C18F907C400A493F0 /* Release */,
			);
			defaultConfigurationIsVisible = 0;
			defaultConfigurationName = Release;
		};
		83FCD16D18F907C400A493F0 /* Build configuration list for PBXNativeTarget "Ryff" */ = {
			isa = XCConfigurationList;
			buildConfigurations = (
				83FCD16E18F907C400A493F0 /* Debug */,
				83FCD16F18F907C400A493F0 /* Release */,
			);
			defaultConfigurationIsVisible = 0;
			defaultConfigurationName = Release;
		};
		83FCD17018F907C400A493F0 /* Build configuration list for PBXNativeTarget "RyffTests" */ = {
			isa = XCConfigurationList;
			buildConfigurations = (
				83FCD17118F907C400A493F0 /* Debug */,
				83FCD17218F907C400A493F0 /* Release */,
			);
			defaultConfigurationIsVisible = 0;
			defaultConfigurationName = Release;
		};
/* End XCConfigurationList section */
	};
	rootObject = 83FCD13018F907C400A493F0 /* Project object */;
}
